// !$*UTF8*$!
{
	archiveVersion = 1;
	classes = {
	};
	objectVersion = 52;
	objects = {

/* Begin PBXBuildFile section */
		3401723E20752E7E00C24029 /* SKPhotoCache.swift in Sources */ = {isa = PBXBuildFile; fileRef = 3401723D20752E7E00C24029 /* SKPhotoCache.swift */; };
		3401724520753D8A00C24029 /* SettingViewController.swift in Sources */ = {isa = PBXBuildFile; fileRef = 3401724420753D8A00C24029 /* SettingViewController.swift */; };
		3401724C207595F600C24029 /* SettingCell.swift in Sources */ = {isa = PBXBuildFile; fileRef = 3401724B207595F600C24029 /* SettingCell.swift */; };
		3401724E2075984400C24029 /* AboutViewController.swift in Sources */ = {isa = PBXBuildFile; fileRef = 3401724D2075984400C24029 /* AboutViewController.swift */; };
		3419DF0122754FC200D9371C /* SDWebImageWebPCoder.framework in Frameworks */ = {isa = PBXBuildFile; fileRef = 3419DF0022754FC200D9371C /* SDWebImageWebPCoder.framework */; };
		3434A975206621450096DF73 /* DBManager.swift in Sources */ = {isa = PBXBuildFile; fileRef = 3434A974206621450096DF73 /* DBManager.swift */; };
		344D45AA2079AAE40069F2AD /* Media.xcassets in Resources */ = {isa = PBXBuildFile; fileRef = 344D45A92079AAE40069F2AD /* Media.xcassets */; };
		349800DE2203EF490081536C /* baseViewController.swift in Sources */ = {isa = PBXBuildFile; fileRef = 349800DD2203EF490081536C /* baseViewController.swift */; };
		349F4E6220D7B2D80045DB67 /* CollectionItemCellCollectionViewCell.swift in Sources */ = {isa = PBXBuildFile; fileRef = 349F4E6020D7B2D80045DB67 /* CollectionItemCellCollectionViewCell.swift */; };
		34A6A9EC208A08F8005C237B /* AthenaNavigationBar.swift in Sources */ = {isa = PBXBuildFile; fileRef = 34A6A9EB208A08F8005C237B /* AthenaNavigationBar.swift */; };
		34D6C83622A923CF0037BEC5 /* Apollo.framework in Frameworks */ = {isa = PBXBuildFile; fileRef = DCCBB1E21F6BAD9300D5ED23 /* Apollo.framework */; };
		34D6C83722A923CF0037BEC5 /* KeychainSwift.framework in Frameworks */ = {isa = PBXBuildFile; fileRef = 349EAE7C206E53F000ACFB02 /* KeychainSwift.framework */; };
		34D6C83822A923CF0037BEC5 /* Sentry.framework in Frameworks */ = {isa = PBXBuildFile; fileRef = DCDECFC11FB5429200380A86 /* Sentry.framework */; };
		34D6C83922A923CF0037BEC5 /* SKPhotoBrowser.framework in Frameworks */ = {isa = PBXBuildFile; fileRef = DCCBB1E61F6BADA700D5ED23 /* SKPhotoBrowser.framework */; };
		34D6C83A22A923CF0037BEC5 /* SwiftyJSON.framework in Frameworks */ = {isa = PBXBuildFile; fileRef = DCCBB1E81F6BADAC00D5ED23 /* SwiftyJSON.framework */; };
		34E9DFFC20810442000676FB /* PostDetailViewController.swift in Sources */ = {isa = PBXBuildFile; fileRef = 34E9DFFB20810442000676FB /* PostDetailViewController.swift */; };
		34E9DFFE2081D4CA000676FB /* PublicDataViewController.swift in Sources */ = {isa = PBXBuildFile; fileRef = 34E9DFFD2081D4CA000676FB /* PublicDataViewController.swift */; };
		9F0115C323460AA500045AC7 /* Wormholy.framework in Frameworks */ = {isa = PBXBuildFile; fileRef = 9F0115C223460AA500045AC7 /* Wormholy.framework */; };
		9F0115C423460AA500045AC7 /* Wormholy.framework in Embed Frameworks */ = {isa = PBXBuildFile; fileRef = 9F0115C223460AA500045AC7 /* Wormholy.framework */; settings = {ATTRIBUTES = (CodeSignOnCopy, RemoveHeadersOnCopy, ); }; };
		9F02F5032341C69F0067643E /* listStore.swift in Sources */ = {isa = PBXBuildFile; fileRef = 9F02F5022341C69F0067643E /* listStore.swift */; };
		9F02F5052341DE3E0067643E /* SkipButton.swift in Sources */ = {isa = PBXBuildFile; fileRef = 9F02F5042341DE3E0067643E /* SkipButton.swift */; };
		9F02F5072341DE740067643E /* CategoriesButton.swift in Sources */ = {isa = PBXBuildFile; fileRef = 9F02F5062341DE740067643E /* CategoriesButton.swift */; };
		9F02F5092341F0280067643E /* SkipModal.swift in Sources */ = {isa = PBXBuildFile; fileRef = 9F02F5082341F0280067643E /* SkipModal.swift */; };
		9F02F50D234200520067643E /* AthenaError.swift in Sources */ = {isa = PBXBuildFile; fileRef = 9F02F50C234200520067643E /* AthenaError.swift */; };
		9F02F50F234321630067643E /* DetailView.swift in Sources */ = {isa = PBXBuildFile; fileRef = 9F02F50E234321630067643E /* DetailView.swift */; };
		9F3E32F823178171003CB1C8 /* FirebaseCore.framework in Frameworks */ = {isa = PBXBuildFile; fileRef = 34C59D9320ABF4DF006FF049 /* FirebaseCore.framework */; };
		9F3E330C23178171003CB1C8 /* GoogleAppMeasurement.framework in Frameworks */ = {isa = PBXBuildFile; fileRef = 9F3E32F923178171003CB1C8 /* GoogleAppMeasurement.framework */; };
		9F3E330D23178171003CB1C8 /* FirebaseInstanceID.framework in Frameworks */ = {isa = PBXBuildFile; fileRef = 9F3E32FA23178171003CB1C8 /* FirebaseInstanceID.framework */; };
		9F3E330E23178171003CB1C8 /* FirebaseCoreDiagnostics.framework in Frameworks */ = {isa = PBXBuildFile; fileRef = 9F3E32FB23178171003CB1C8 /* FirebaseCoreDiagnostics.framework */; };
		9F3E330F23178171003CB1C8 /* GoogleUtilities.framework in Frameworks */ = {isa = PBXBuildFile; fileRef = 9F3E32FC23178171003CB1C8 /* GoogleUtilities.framework */; };
		9F3E331023178171003CB1C8 /* GoogleDataTransport.framework in Frameworks */ = {isa = PBXBuildFile; fileRef = 9F3E32FD23178171003CB1C8 /* GoogleDataTransport.framework */; };
		9F3E331123178171003CB1C8 /* FirebaseStorage.framework in Frameworks */ = {isa = PBXBuildFile; fileRef = 9F3E32FE23178171003CB1C8 /* FirebaseStorage.framework */; };
		9F3E331223178171003CB1C8 /* GoogleToolboxForMac.framework in Frameworks */ = {isa = PBXBuildFile; fileRef = 9F3E32FF23178171003CB1C8 /* GoogleToolboxForMac.framework */; };
		9F3E331323178171003CB1C8 /* FirebaseRemoteConfig.framework in Frameworks */ = {isa = PBXBuildFile; fileRef = 9F3E330023178171003CB1C8 /* FirebaseRemoteConfig.framework */; };
		9F3E331423178171003CB1C8 /* FIRAnalyticsConnector.framework in Frameworks */ = {isa = PBXBuildFile; fileRef = 9F3E330123178171003CB1C8 /* FIRAnalyticsConnector.framework */; };
		9F3E331523178171003CB1C8 /* FirebaseInAppMessagingDisplay.framework in Frameworks */ = {isa = PBXBuildFile; fileRef = 9F3E330223178171003CB1C8 /* FirebaseInAppMessagingDisplay.framework */; };
		9F3E331623178171003CB1C8 /* FirebaseMessaging.framework in Frameworks */ = {isa = PBXBuildFile; fileRef = 9F3E330323178171003CB1C8 /* FirebaseMessaging.framework */; };
		9F3E331723178171003CB1C8 /* FirebaseInAppMessaging.framework in Frameworks */ = {isa = PBXBuildFile; fileRef = 9F3E330423178171003CB1C8 /* FirebaseInAppMessaging.framework */; };
		9F3E331823178171003CB1C8 /* FirebaseAnalytics.framework in Frameworks */ = {isa = PBXBuildFile; fileRef = 9F3E330523178171003CB1C8 /* FirebaseAnalytics.framework */; };
		9F3E331923178171003CB1C8 /* FirebaseABTesting.framework in Frameworks */ = {isa = PBXBuildFile; fileRef = 9F3E330623178171003CB1C8 /* FirebaseABTesting.framework */; };
		9F3E331A23178171003CB1C8 /* FirebasePerformance.framework in Frameworks */ = {isa = PBXBuildFile; fileRef = 9F3E330723178171003CB1C8 /* FirebasePerformance.framework */; };
		9F3E331B23178171003CB1C8 /* FirebaseAuth.framework in Frameworks */ = {isa = PBXBuildFile; fileRef = 9F3E330823178171003CB1C8 /* FirebaseAuth.framework */; };
		9F3E331C23178171003CB1C8 /* GoogleDataTransportCCTSupport.framework in Frameworks */ = {isa = PBXBuildFile; fileRef = 9F3E330923178171003CB1C8 /* GoogleDataTransportCCTSupport.framework */; };
		9F3E331D23178171003CB1C8 /* FirebaseDatabase.framework in Frameworks */ = {isa = PBXBuildFile; fileRef = 9F3E330A23178171003CB1C8 /* FirebaseDatabase.framework */; };
		9F3E331E23178171003CB1C8 /* GTMSessionFetcher.framework in Frameworks */ = {isa = PBXBuildFile; fileRef = 9F3E330B23178171003CB1C8 /* GTMSessionFetcher.framework */; };
		9F3E37BB22FDA65B00CDF3EB /* GoogleService-Info.plist in Resources */ = {isa = PBXBuildFile; fileRef = 9F3E37BA22FDA65B00CDF3EB /* GoogleService-Info.plist */; };
		9F4A4F3B234DA0A3007BEB15 /* hello.swift in Sources */ = {isa = PBXBuildFile; fileRef = 9F4A4F3A234DA0A3007BEB15 /* hello.swift */; };
		9FA9F5B6234AD57E007D3326 /* Settings.swift in Sources */ = {isa = PBXBuildFile; fileRef = 9FA9F5B5234AD57E007D3326 /* Settings.swift */; };
		9FA9F5B8234AD7EB007D3326 /* OpenData.swift in Sources */ = {isa = PBXBuildFile; fileRef = 9FA9F5B7234AD7EB007D3326 /* OpenData.swift */; };
		9FB40BE923388C98008CDEB6 /* index.swift in Sources */ = {isa = PBXBuildFile; fileRef = 9FB40BE823388C98008CDEB6 /* index.swift */; };
		9FB40C0E2338BF46008CDEB6 /* SceneDelegate.swift in Sources */ = {isa = PBXBuildFile; fileRef = 9FB40C0D2338BF46008CDEB6 /* SceneDelegate.swift */; };
		9FD38649234CA31C00A04731 /* MainViewPreviews.swift in Sources */ = {isa = PBXBuildFile; fileRef = 9FD38648234CA31C00A04731 /* MainViewPreviews.swift */; };
		9FD7B2842338E9210007D14D /* Store.swift in Sources */ = {isa = PBXBuildFile; fileRef = 9FD7B2832338E9210007D14D /* Store.swift */; };
		9FD7B2872338FF600007D14D /* profileStore.swift in Sources */ = {isa = PBXBuildFile; fileRef = 9FD7B2862338FF600007D14D /* profileStore.swift */; };
		9FD7B28923390BCF0007D14D /* server.swift in Sources */ = {isa = PBXBuildFile; fileRef = 9FD7B28823390BCF0007D14D /* server.swift */; };
		9FD7B28B23390CF50007D14D /* auth.swift in Sources */ = {isa = PBXBuildFile; fileRef = 9FD7B28A23390CF50007D14D /* auth.swift */; };
		9FD7B28D233927780007D14D /* profile.swift in Sources */ = {isa = PBXBuildFile; fileRef = 9FD7B28C233927780007D14D /* profile.swift */; };
		9FD7B28F233928780007D14D /* cells.swift in Sources */ = {isa = PBXBuildFile; fileRef = 9FD7B28E233928780007D14D /* cells.swift */; };
		9FD7B2952339EEDA0007D14D /* QGrid in Frameworks */ = {isa = PBXBuildFile; productRef = 9FD7B2942339EEDA0007D14D /* QGrid */; };
		9FD7B299233B86F30007D14D /* ImageManager.swift in Sources */ = {isa = PBXBuildFile; fileRef = 9FD7B298233B86F30007D14D /* ImageManager.swift */; };
		9FD7B29B233B87290007D14D /* SDWebImageSwiftUI.swift in Sources */ = {isa = PBXBuildFile; fileRef = 9FD7B29A233B87290007D14D /* SDWebImageSwiftUI.swift */; };
		9FD7B29D233B875B0007D14D /* WebImage.swift in Sources */ = {isa = PBXBuildFile; fileRef = 9FD7B29C233B875B0007D14D /* WebImage.swift */; };
		9FD7B2A0233B9D320007D14D /* UserCard.swift in Sources */ = {isa = PBXBuildFile; fileRef = 9FD7B29F233B9D320007D14D /* UserCard.swift */; };
		DC8DFE0F1F728F8000F442DE /* ModalApp.swift in Sources */ = {isa = PBXBuildFile; fileRef = DC8DFE0E1F728F8000F442DE /* ModalApp.swift */; };
		DC8DFE111F728FFC00F442DE /* Config.swift in Sources */ = {isa = PBXBuildFile; fileRef = DC8DFE101F728FFC00F442DE /* Config.swift */; };
		DC8DFE141F72A0EE00F442DE /* AuthViewController.swift in Sources */ = {isa = PBXBuildFile; fileRef = DC8DFE131F72A0EE00F442DE /* AuthViewController.swift */; };
		DCCBB1C71F6BAC8300D5ED23 /* AppDelegate.swift in Sources */ = {isa = PBXBuildFile; fileRef = DCCBB1C61F6BAC8300D5ED23 /* AppDelegate.swift */; };
		DCCBB1C91F6BAC8300D5ED23 /* IndexViewController.swift in Sources */ = {isa = PBXBuildFile; fileRef = DCCBB1C81F6BAC8300D5ED23 /* IndexViewController.swift */; };
		DCCBB1CB1F6BAC8300D5ED23 /* ProfileViewController.swift in Sources */ = {isa = PBXBuildFile; fileRef = DCCBB1CA1F6BAC8300D5ED23 /* ProfileViewController.swift */; };
		DCCBB1CE1F6BAC8300D5ED23 /* Main.storyboard in Resources */ = {isa = PBXBuildFile; fileRef = DCCBB1CC1F6BAC8300D5ED23 /* Main.storyboard */; };
		DCCBB1D31F6BAC8300D5ED23 /* LaunchScreen.storyboard in Resources */ = {isa = PBXBuildFile; fileRef = DCCBB1D11F6BAC8300D5ED23 /* LaunchScreen.storyboard */; };
		DCCBB1E51F6BADA000D5ED23 /* SDWebImage.framework in Frameworks */ = {isa = PBXBuildFile; fileRef = DCCBB1E41F6BADA000D5ED23 /* SDWebImage.framework */; };
		DCCBB1EB1F6BAE9000D5ED23 /* API.swift in Sources */ = {isa = PBXBuildFile; fileRef = DCCBB1EA1F6BAE9000D5ED23 /* API.swift */; };
		DCD6B0931F81C6FF002E810C /* GirlCellOfTableTableViewCell.swift in Sources */ = {isa = PBXBuildFile; fileRef = DCD6B0921F81C6FF002E810C /* GirlCellOfTableTableViewCell.swift */; };
		DCD6B09A1F81CF3B002E810C /* utils.swift in Sources */ = {isa = PBXBuildFile; fileRef = DCD6B0991F81CF3B002E810C /* utils.swift */; };
/* End PBXBuildFile section */

/* Begin PBXCopyFilesBuildPhase section */
		9F0115C523460AA500045AC7 /* Embed Frameworks */ = {
			isa = PBXCopyFilesBuildPhase;
			buildActionMask = 2147483647;
			dstPath = "";
			dstSubfolderSpec = 10;
			files = (
				9F0115C423460AA500045AC7 /* Wormholy.framework in Embed Frameworks */,
			);
			name = "Embed Frameworks";
			runOnlyForDeploymentPostprocessing = 0;
		};
/* End PBXCopyFilesBuildPhase section */

/* Begin PBXFileReference section */
		3401723D20752E7E00C24029 /* SKPhotoCache.swift */ = {isa = PBXFileReference; lastKnownFileType = sourcecode.swift; path = SKPhotoCache.swift; sourceTree = "<group>"; };
		3401724420753D8A00C24029 /* SettingViewController.swift */ = {isa = PBXFileReference; lastKnownFileType = sourcecode.swift; path = SettingViewController.swift; sourceTree = "<group>"; };
		3401724B207595F600C24029 /* SettingCell.swift */ = {isa = PBXFileReference; lastKnownFileType = sourcecode.swift; path = SettingCell.swift; sourceTree = "<group>"; };
		3401724D2075984400C24029 /* AboutViewController.swift */ = {isa = PBXFileReference; lastKnownFileType = sourcecode.swift; path = AboutViewController.swift; sourceTree = "<group>"; };
		3419DEFE22754FB300D9371C /* SDWebImageWebPCoder.framework.dSYM */ = {isa = PBXFileReference; lastKnownFileType = wrapper.dsym; name = SDWebImageWebPCoder.framework.dSYM; path = Carthage/Build/iOS/SDWebImageWebPCoder.framework.dSYM; sourceTree = "<group>"; };
		3419DF0022754FC200D9371C /* SDWebImageWebPCoder.framework */ = {isa = PBXFileReference; lastKnownFileType = wrapper.framework; name = SDWebImageWebPCoder.framework; path = Carthage/Build/iOS/SDWebImageWebPCoder.framework; sourceTree = "<group>"; };
		3434A974206621450096DF73 /* DBManager.swift */ = {isa = PBXFileReference; lastKnownFileType = sourcecode.swift; path = DBManager.swift; sourceTree = "<group>"; };
		3434A976206637320096DF73 /* SQLite.framework.dSYM */ = {isa = PBXFileReference; lastKnownFileType = wrapper.dsym; name = SQLite.framework.dSYM; path = Carthage/Build/iOS/SQLite.framework.dSYM; sourceTree = "<group>"; };
		3434A9782066373F0096DF73 /* SQLite.framework */ = {isa = PBXFileReference; lastKnownFileType = wrapper.framework; name = SQLite.framework; path = Carthage/Build/iOS/SQLite.framework; sourceTree = "<group>"; };
		344D45A92079AAE40069F2AD /* Media.xcassets */ = {isa = PBXFileReference; lastKnownFileType = folder.assetcatalog; path = Media.xcassets; sourceTree = "<group>"; };
		349800DD2203EF490081536C /* baseViewController.swift */ = {isa = PBXFileReference; lastKnownFileType = sourcecode.swift; path = baseViewController.swift; sourceTree = "<group>"; };
		349EAE7C206E53F000ACFB02 /* KeychainSwift.framework */ = {isa = PBXFileReference; lastKnownFileType = wrapper.framework; name = KeychainSwift.framework; path = Carthage/Build/iOS/KeychainSwift.framework; sourceTree = "<group>"; };
		349F4E6020D7B2D80045DB67 /* CollectionItemCellCollectionViewCell.swift */ = {isa = PBXFileReference; lastKnownFileType = sourcecode.swift; path = CollectionItemCellCollectionViewCell.swift; sourceTree = "<group>"; };
		34A6A9EB208A08F8005C237B /* AthenaNavigationBar.swift */ = {isa = PBXFileReference; lastKnownFileType = sourcecode.swift; path = AthenaNavigationBar.swift; sourceTree = "<group>"; };
		34C59D9020ABF386006FF049 /* Firebase.framework */ = {isa = PBXFileReference; lastKnownFileType = wrapper.framework; name = Firebase.framework; path = Carthage/Build/iOS/Firebase.framework; sourceTree = "<group>"; };
		34C59D9320ABF4DF006FF049 /* FirebaseCore.framework */ = {isa = PBXFileReference; lastKnownFileType = wrapper.framework; name = FirebaseCore.framework; path = Carthage/Build/iOS/FirebaseCore.framework; sourceTree = "<group>"; };
		34E9DFFB20810442000676FB /* PostDetailViewController.swift */ = {isa = PBXFileReference; lastKnownFileType = sourcecode.swift; path = PostDetailViewController.swift; sourceTree = "<group>"; };
		34E9DFFD2081D4CA000676FB /* PublicDataViewController.swift */ = {isa = PBXFileReference; lastKnownFileType = sourcecode.swift; path = PublicDataViewController.swift; sourceTree = "<group>"; };
		9F0115C223460AA500045AC7 /* Wormholy.framework */ = {isa = PBXFileReference; lastKnownFileType = wrapper.framework; name = Wormholy.framework; path = Carthage/Build/iOS/Wormholy.framework; sourceTree = "<group>"; };
		9F02F5022341C69F0067643E /* listStore.swift */ = {isa = PBXFileReference; lastKnownFileType = sourcecode.swift; path = listStore.swift; sourceTree = "<group>"; };
		9F02F5042341DE3E0067643E /* SkipButton.swift */ = {isa = PBXFileReference; lastKnownFileType = sourcecode.swift; path = SkipButton.swift; sourceTree = "<group>"; };
		9F02F5062341DE740067643E /* CategoriesButton.swift */ = {isa = PBXFileReference; lastKnownFileType = sourcecode.swift; path = CategoriesButton.swift; sourceTree = "<group>"; };
		9F02F5082341F0280067643E /* SkipModal.swift */ = {isa = PBXFileReference; lastKnownFileType = sourcecode.swift; path = SkipModal.swift; sourceTree = "<group>"; };
		9F02F50C234200520067643E /* AthenaError.swift */ = {isa = PBXFileReference; lastKnownFileType = sourcecode.swift; path = AthenaError.swift; sourceTree = "<group>"; };
		9F02F50E234321630067643E /* DetailView.swift */ = {isa = PBXFileReference; lastKnownFileType = sourcecode.swift; path = DetailView.swift; sourceTree = "<group>"; };
		9F3E32F923178171003CB1C8 /* GoogleAppMeasurement.framework */ = {isa = PBXFileReference; lastKnownFileType = wrapper.framework; name = GoogleAppMeasurement.framework; path = Carthage/Build/iOS/GoogleAppMeasurement.framework; sourceTree = "<group>"; };
		9F3E32FA23178171003CB1C8 /* FirebaseInstanceID.framework */ = {isa = PBXFileReference; lastKnownFileType = wrapper.framework; name = FirebaseInstanceID.framework; path = Carthage/Build/iOS/FirebaseInstanceID.framework; sourceTree = "<group>"; };
		9F3E32FB23178171003CB1C8 /* FirebaseCoreDiagnostics.framework */ = {isa = PBXFileReference; lastKnownFileType = wrapper.framework; name = FirebaseCoreDiagnostics.framework; path = Carthage/Build/iOS/FirebaseCoreDiagnostics.framework; sourceTree = "<group>"; };
		9F3E32FC23178171003CB1C8 /* GoogleUtilities.framework */ = {isa = PBXFileReference; lastKnownFileType = wrapper.framework; name = GoogleUtilities.framework; path = Carthage/Build/iOS/GoogleUtilities.framework; sourceTree = "<group>"; };
		9F3E32FD23178171003CB1C8 /* GoogleDataTransport.framework */ = {isa = PBXFileReference; lastKnownFileType = wrapper.framework; name = GoogleDataTransport.framework; path = Carthage/Build/iOS/GoogleDataTransport.framework; sourceTree = "<group>"; };
		9F3E32FE23178171003CB1C8 /* FirebaseStorage.framework */ = {isa = PBXFileReference; lastKnownFileType = wrapper.framework; name = FirebaseStorage.framework; path = Carthage/Build/iOS/FirebaseStorage.framework; sourceTree = "<group>"; };
		9F3E32FF23178171003CB1C8 /* GoogleToolboxForMac.framework */ = {isa = PBXFileReference; lastKnownFileType = wrapper.framework; name = GoogleToolboxForMac.framework; path = Carthage/Build/iOS/GoogleToolboxForMac.framework; sourceTree = "<group>"; };
		9F3E330023178171003CB1C8 /* FirebaseRemoteConfig.framework */ = {isa = PBXFileReference; lastKnownFileType = wrapper.framework; name = FirebaseRemoteConfig.framework; path = Carthage/Build/iOS/FirebaseRemoteConfig.framework; sourceTree = "<group>"; };
		9F3E330123178171003CB1C8 /* FIRAnalyticsConnector.framework */ = {isa = PBXFileReference; lastKnownFileType = wrapper.framework; name = FIRAnalyticsConnector.framework; path = Carthage/Build/iOS/FIRAnalyticsConnector.framework; sourceTree = "<group>"; };
		9F3E330223178171003CB1C8 /* FirebaseInAppMessagingDisplay.framework */ = {isa = PBXFileReference; lastKnownFileType = wrapper.framework; name = FirebaseInAppMessagingDisplay.framework; path = Carthage/Build/iOS/FirebaseInAppMessagingDisplay.framework; sourceTree = "<group>"; };
		9F3E330323178171003CB1C8 /* FirebaseMessaging.framework */ = {isa = PBXFileReference; lastKnownFileType = wrapper.framework; name = FirebaseMessaging.framework; path = Carthage/Build/iOS/FirebaseMessaging.framework; sourceTree = "<group>"; };
		9F3E330423178171003CB1C8 /* FirebaseInAppMessaging.framework */ = {isa = PBXFileReference; lastKnownFileType = wrapper.framework; name = FirebaseInAppMessaging.framework; path = Carthage/Build/iOS/FirebaseInAppMessaging.framework; sourceTree = "<group>"; };
		9F3E330523178171003CB1C8 /* FirebaseAnalytics.framework */ = {isa = PBXFileReference; lastKnownFileType = wrapper.framework; name = FirebaseAnalytics.framework; path = Carthage/Build/iOS/FirebaseAnalytics.framework; sourceTree = "<group>"; };
		9F3E330623178171003CB1C8 /* FirebaseABTesting.framework */ = {isa = PBXFileReference; lastKnownFileType = wrapper.framework; name = FirebaseABTesting.framework; path = Carthage/Build/iOS/FirebaseABTesting.framework; sourceTree = "<group>"; };
		9F3E330723178171003CB1C8 /* FirebasePerformance.framework */ = {isa = PBXFileReference; lastKnownFileType = wrapper.framework; name = FirebasePerformance.framework; path = Carthage/Build/iOS/FirebasePerformance.framework; sourceTree = "<group>"; };
		9F3E330823178171003CB1C8 /* FirebaseAuth.framework */ = {isa = PBXFileReference; lastKnownFileType = wrapper.framework; name = FirebaseAuth.framework; path = Carthage/Build/iOS/FirebaseAuth.framework; sourceTree = "<group>"; };
		9F3E330923178171003CB1C8 /* GoogleDataTransportCCTSupport.framework */ = {isa = PBXFileReference; lastKnownFileType = wrapper.framework; name = GoogleDataTransportCCTSupport.framework; path = Carthage/Build/iOS/GoogleDataTransportCCTSupport.framework; sourceTree = "<group>"; };
		9F3E330A23178171003CB1C8 /* FirebaseDatabase.framework */ = {isa = PBXFileReference; lastKnownFileType = wrapper.framework; name = FirebaseDatabase.framework; path = Carthage/Build/iOS/FirebaseDatabase.framework; sourceTree = "<group>"; };
		9F3E330B23178171003CB1C8 /* GTMSessionFetcher.framework */ = {isa = PBXFileReference; lastKnownFileType = wrapper.framework; name = GTMSessionFetcher.framework; path = Carthage/Build/iOS/GTMSessionFetcher.framework; sourceTree = "<group>"; };
		9F3E37BA22FDA65B00CDF3EB /* GoogleService-Info.plist */ = {isa = PBXFileReference; fileEncoding = 4; lastKnownFileType = text.plist.xml; name = "GoogleService-Info.plist"; path = "../../../../Downloads/GoogleService-Info.plist"; sourceTree = "<group>"; };
		9F4A4F3A234DA0A3007BEB15 /* hello.swift */ = {isa = PBXFileReference; lastKnownFileType = sourcecode.swift; path = hello.swift; sourceTree = "<group>"; };
		9FA9F5B5234AD57E007D3326 /* Settings.swift */ = {isa = PBXFileReference; lastKnownFileType = sourcecode.swift; path = Settings.swift; sourceTree = "<group>"; };
		9FA9F5B7234AD7EB007D3326 /* OpenData.swift */ = {isa = PBXFileReference; lastKnownFileType = sourcecode.swift; path = OpenData.swift; sourceTree = "<group>"; };
		9FB40BE823388C98008CDEB6 /* index.swift */ = {isa = PBXFileReference; lastKnownFileType = sourcecode.swift; path = index.swift; sourceTree = "<group>"; };
		9FB40C0D2338BF46008CDEB6 /* SceneDelegate.swift */ = {isa = PBXFileReference; lastKnownFileType = sourcecode.swift; path = SceneDelegate.swift; sourceTree = "<group>"; };
		9FB7732622E70441000F9B7A /* libwebp.framework */ = {isa = PBXFileReference; lastKnownFileType = wrapper.framework; name = libwebp.framework; path = Carthage/Build/iOS/libwebp.framework; sourceTree = "<group>"; };
		9FD38648234CA31C00A04731 /* MainViewPreviews.swift */ = {isa = PBXFileReference; lastKnownFileType = sourcecode.swift; path = MainViewPreviews.swift; sourceTree = "<group>"; };
		9FD7B2832338E9210007D14D /* Store.swift */ = {isa = PBXFileReference; lastKnownFileType = sourcecode.swift; path = Store.swift; sourceTree = "<group>"; };
		9FD7B2862338FF600007D14D /* profileStore.swift */ = {isa = PBXFileReference; lastKnownFileType = sourcecode.swift; path = profileStore.swift; sourceTree = "<group>"; };
		9FD7B28823390BCF0007D14D /* server.swift */ = {isa = PBXFileReference; lastKnownFileType = sourcecode.swift; path = server.swift; sourceTree = "<group>"; };
		9FD7B28A23390CF50007D14D /* auth.swift */ = {isa = PBXFileReference; lastKnownFileType = sourcecode.swift; path = auth.swift; sourceTree = "<group>"; };
		9FD7B28C233927780007D14D /* profile.swift */ = {isa = PBXFileReference; lastKnownFileType = sourcecode.swift; path = profile.swift; sourceTree = "<group>"; };
		9FD7B28E233928780007D14D /* cells.swift */ = {isa = PBXFileReference; lastKnownFileType = sourcecode.swift; path = cells.swift; sourceTree = "<group>"; };
		9FD7B298233B86F30007D14D /* ImageManager.swift */ = {isa = PBXFileReference; lastKnownFileType = sourcecode.swift; path = ImageManager.swift; sourceTree = "<group>"; };
		9FD7B29A233B87290007D14D /* SDWebImageSwiftUI.swift */ = {isa = PBXFileReference; lastKnownFileType = sourcecode.swift; path = SDWebImageSwiftUI.swift; sourceTree = "<group>"; };
		9FD7B29C233B875B0007D14D /* WebImage.swift */ = {isa = PBXFileReference; lastKnownFileType = sourcecode.swift; path = WebImage.swift; sourceTree = "<group>"; };
		9FD7B29F233B9D320007D14D /* UserCard.swift */ = {isa = PBXFileReference; lastKnownFileType = sourcecode.swift; path = UserCard.swift; sourceTree = "<group>"; };
		DC8DFE0E1F728F8000F442DE /* ModalApp.swift */ = {isa = PBXFileReference; lastKnownFileType = sourcecode.swift; path = ModalApp.swift; sourceTree = "<group>"; };
		DC8DFE101F728FFC00F442DE /* Config.swift */ = {isa = PBXFileReference; lastKnownFileType = sourcecode.swift; path = Config.swift; sourceTree = "<group>"; };
		DC8DFE131F72A0EE00F442DE /* AuthViewController.swift */ = {isa = PBXFileReference; lastKnownFileType = sourcecode.swift; path = AuthViewController.swift; sourceTree = "<group>"; };
		DCCBB1C31F6BAC8300D5ED23 /* athena-ios.app */ = {isa = PBXFileReference; explicitFileType = wrapper.application; includeInIndex = 0; path = "athena-ios.app"; sourceTree = BUILT_PRODUCTS_DIR; };
		DCCBB1C61F6BAC8300D5ED23 /* AppDelegate.swift */ = {isa = PBXFileReference; lastKnownFileType = sourcecode.swift; path = AppDelegate.swift; sourceTree = "<group>"; };
		DCCBB1C81F6BAC8300D5ED23 /* IndexViewController.swift */ = {isa = PBXFileReference; lastKnownFileType = sourcecode.swift; path = IndexViewController.swift; sourceTree = "<group>"; };
		DCCBB1CA1F6BAC8300D5ED23 /* ProfileViewController.swift */ = {isa = PBXFileReference; lastKnownFileType = sourcecode.swift; path = ProfileViewController.swift; sourceTree = "<group>"; };
		DCCBB1CD1F6BAC8300D5ED23 /* Base */ = {isa = PBXFileReference; lastKnownFileType = file.storyboard; name = Base; path = Base.lproj/Main.storyboard; sourceTree = "<group>"; };
		DCCBB1D21F6BAC8300D5ED23 /* Base */ = {isa = PBXFileReference; lastKnownFileType = file.storyboard; name = Base; path = Base.lproj/LaunchScreen.storyboard; sourceTree = "<group>"; };
		DCCBB1D41F6BAC8300D5ED23 /* Info.plist */ = {isa = PBXFileReference; lastKnownFileType = text.plist.xml; path = Info.plist; sourceTree = "<group>"; };
		DCCBB1DE1F6BAD8A00D5ED23 /* Alamofire.framework */ = {isa = PBXFileReference; lastKnownFileType = wrapper.framework; name = Alamofire.framework; path = Carthage/Build/iOS/Alamofire.framework; sourceTree = "<group>"; };
		DCCBB1E01F6BAD9100D5ED23 /* AlamofireImage.framework */ = {isa = PBXFileReference; lastKnownFileType = wrapper.framework; name = AlamofireImage.framework; path = Carthage/Build/iOS/AlamofireImage.framework; sourceTree = "<group>"; };
		DCCBB1E21F6BAD9300D5ED23 /* Apollo.framework */ = {isa = PBXFileReference; lastKnownFileType = wrapper.framework; name = Apollo.framework; path = Carthage/Build/iOS/Apollo.framework; sourceTree = "<group>"; };
		DCCBB1E41F6BADA000D5ED23 /* SDWebImage.framework */ = {isa = PBXFileReference; lastKnownFileType = wrapper.framework; name = SDWebImage.framework; path = Carthage/Build/iOS/SDWebImage.framework; sourceTree = "<group>"; };
		DCCBB1E61F6BADA700D5ED23 /* SKPhotoBrowser.framework */ = {isa = PBXFileReference; lastKnownFileType = wrapper.framework; name = SKPhotoBrowser.framework; path = Carthage/Build/iOS/SKPhotoBrowser.framework; sourceTree = "<group>"; };
		DCCBB1E81F6BADAC00D5ED23 /* SwiftyJSON.framework */ = {isa = PBXFileReference; lastKnownFileType = wrapper.framework; name = SwiftyJSON.framework; path = Carthage/Build/iOS/SwiftyJSON.framework; sourceTree = "<group>"; };
		DCCBB1EA1F6BAE9000D5ED23 /* API.swift */ = {isa = PBXFileReference; fileEncoding = 4; lastKnownFileType = sourcecode.swift; path = API.swift; sourceTree = "<group>"; };
		DCD6B0921F81C6FF002E810C /* GirlCellOfTableTableViewCell.swift */ = {isa = PBXFileReference; lastKnownFileType = sourcecode.swift; path = GirlCellOfTableTableViewCell.swift; sourceTree = "<group>"; };
		DCD6B0991F81CF3B002E810C /* utils.swift */ = {isa = PBXFileReference; lastKnownFileType = sourcecode.swift; path = utils.swift; sourceTree = "<group>"; };
		DCDECFC11FB5429200380A86 /* Sentry.framework */ = {isa = PBXFileReference; lastKnownFileType = wrapper.framework; name = Sentry.framework; path = Carthage/Build/iOS/Sentry.framework; sourceTree = "<group>"; };
/* End PBXFileReference section */

/* Begin PBXFrameworksBuildPhase section */
		DCCBB1C01F6BAC8300D5ED23 /* Frameworks */ = {
			isa = PBXFrameworksBuildPhase;
			buildActionMask = 2147483647;
			files = (
				9F3E330C23178171003CB1C8 /* GoogleAppMeasurement.framework in Frameworks */,
				9F3E330D23178171003CB1C8 /* FirebaseInstanceID.framework in Frameworks */,
				9F3E330E23178171003CB1C8 /* FirebaseCoreDiagnostics.framework in Frameworks */,
				9F3E330F23178171003CB1C8 /* GoogleUtilities.framework in Frameworks */,
				9F3E331023178171003CB1C8 /* GoogleDataTransport.framework in Frameworks */,
				9F3E331123178171003CB1C8 /* FirebaseStorage.framework in Frameworks */,
				9F3E331223178171003CB1C8 /* GoogleToolboxForMac.framework in Frameworks */,
				9F3E331323178171003CB1C8 /* FirebaseRemoteConfig.framework in Frameworks */,
				9F3E331423178171003CB1C8 /* FIRAnalyticsConnector.framework in Frameworks */,
				9F3E331523178171003CB1C8 /* FirebaseInAppMessagingDisplay.framework in Frameworks */,
				9F3E331623178171003CB1C8 /* FirebaseMessaging.framework in Frameworks */,
				9F3E331723178171003CB1C8 /* FirebaseInAppMessaging.framework in Frameworks */,
				9F3E331823178171003CB1C8 /* FirebaseAnalytics.framework in Frameworks */,
				9F3E331923178171003CB1C8 /* FirebaseABTesting.framework in Frameworks */,
				9F3E331A23178171003CB1C8 /* FirebasePerformance.framework in Frameworks */,
				9F3E331B23178171003CB1C8 /* FirebaseAuth.framework in Frameworks */,
				9F0115C323460AA500045AC7 /* Wormholy.framework in Frameworks */,
				9F3E331C23178171003CB1C8 /* GoogleDataTransportCCTSupport.framework in Frameworks */,
				9F3E331D23178171003CB1C8 /* FirebaseDatabase.framework in Frameworks */,
				9F3E331E23178171003CB1C8 /* GTMSessionFetcher.framework in Frameworks */,
				9F3E32F823178171003CB1C8 /* FirebaseCore.framework in Frameworks */,
				34D6C83622A923CF0037BEC5 /* Apollo.framework in Frameworks */,
				9FD7B2952339EEDA0007D14D /* QGrid in Frameworks */,
				34D6C83722A923CF0037BEC5 /* KeychainSwift.framework in Frameworks */,
				DCCBB1E51F6BADA000D5ED23 /* SDWebImage.framework in Frameworks */,
				3419DF0122754FC200D9371C /* SDWebImageWebPCoder.framework in Frameworks */,
				34D6C83822A923CF0037BEC5 /* Sentry.framework in Frameworks */,
				34D6C83922A923CF0037BEC5 /* SKPhotoBrowser.framework in Frameworks */,
				34D6C83A22A923CF0037BEC5 /* SwiftyJSON.framework in Frameworks */,
			);
			runOnlyForDeploymentPostprocessing = 0;
		};
/* End PBXFrameworksBuildPhase section */

/* Begin PBXGroup section */
		9FB40BE723388C6E008CDEB6 /* ui */ = {
			isa = PBXGroup;
			children = (
				9FD7B29E233B9D250007D14D /* components */,
				9FB40BE823388C98008CDEB6 /* index.swift */,
				9FD7B28E233928780007D14D /* cells.swift */,
				9F02F50E234321630067643E /* DetailView.swift */,
				9FD7B28C233927780007D14D /* profile.swift */,
				9FD7B28A23390CF50007D14D /* auth.swift */,
				9FA9F5B5234AD57E007D3326 /* Settings.swift */,
				9FA9F5B7234AD7EB007D3326 /* OpenData.swift */,
			);
			path = ui;
			sourceTree = "<group>";
		};
		9FD7B2852338FF350007D14D /* store */ = {
			isa = PBXGroup;
			children = (
				9FD7B2832338E9210007D14D /* Store.swift */,
				9FD7B2862338FF600007D14D /* profileStore.swift */,
				9F02F5022341C69F0067643E /* listStore.swift */,
			);
			path = store;
			sourceTree = "<group>";
		};
		9FD7B296233B86720007D14D /* vendor */ = {
			isa = PBXGroup;
			children = (
				9FD7B297233B86CA0007D14D /* SDWebImageSwiftUI */,
			);
			path = vendor;
			sourceTree = "<group>";
		};
		9FD7B297233B86CA0007D14D /* SDWebImageSwiftUI */ = {
			isa = PBXGroup;
			children = (
				9FD7B298233B86F30007D14D /* ImageManager.swift */,
				9FD7B29A233B87290007D14D /* SDWebImageSwiftUI.swift */,
				9FD7B29C233B875B0007D14D /* WebImage.swift */,
			);
			path = SDWebImageSwiftUI;
			sourceTree = "<group>";
		};
		9FD7B29E233B9D250007D14D /* components */ = {
			isa = PBXGroup;
			children = (
				9FD7B29F233B9D320007D14D /* UserCard.swift */,
				9F02F5042341DE3E0067643E /* SkipButton.swift */,
				9F02F5062341DE740067643E /* CategoriesButton.swift */,
				9F02F5082341F0280067643E /* SkipModal.swift */,
			);
			path = components;
			sourceTree = "<group>";
		};
		DC8DFE0D1F728F4000F442DE /* model */ = {
			isa = PBXGroup;
			children = (
				DC8DFE0E1F728F8000F442DE /* ModalApp.swift */,
				DC8DFE101F728FFC00F442DE /* Config.swift */,
				3434A974206621450096DF73 /* DBManager.swift */,
				9FD7B28823390BCF0007D14D /* server.swift */,
			);
			path = model;
			sourceTree = "<group>";
		};
		DC8DFE121F72A0D900F442DE /* controllers */ = {
			isa = PBXGroup;
			children = (
				DC8DFE131F72A0EE00F442DE /* AuthViewController.swift */,
				DCD6B0921F81C6FF002E810C /* GirlCellOfTableTableViewCell.swift */,
				349F4E6020D7B2D80045DB67 /* CollectionItemCellCollectionViewCell.swift */,
				3401724420753D8A00C24029 /* SettingViewController.swift */,
				3401724B207595F600C24029 /* SettingCell.swift */,
				3401724D2075984400C24029 /* AboutViewController.swift */,
				34E9DFFB20810442000676FB /* PostDetailViewController.swift */,
				34E9DFFD2081D4CA000676FB /* PublicDataViewController.swift */,
				34A6A9EB208A08F8005C237B /* AthenaNavigationBar.swift */,
				349800DD2203EF490081536C /* baseViewController.swift */,
				9FD38648234CA31C00A04731 /* MainViewPreviews.swift */,
			);
			path = controllers;
			sourceTree = "<group>";
		};
		DCCBB1BA1F6BAC8300D5ED23 = {
			isa = PBXGroup;
			children = (
				DCCBB1C51F6BAC8300D5ED23 /* athena-ios */,
				DCCBB1C41F6BAC8300D5ED23 /* Products */,
				DCCBB1DD1F6BAD8A00D5ED23 /* Frameworks */,
			);
			sourceTree = "<group>";
		};
		DCCBB1C41F6BAC8300D5ED23 /* Products */ = {
			isa = PBXGroup;
			children = (
				DCCBB1C31F6BAC8300D5ED23 /* athena-ios.app */,
			);
			name = Products;
			sourceTree = "<group>";
		};
		DCCBB1C51F6BAC8300D5ED23 /* athena-ios */ = {
			isa = PBXGroup;
			children = (
				9FD7B296233B86720007D14D /* vendor */,
				9FD7B2852338FF350007D14D /* store */,
				9FB40BE723388C6E008CDEB6 /* ui */,
				DCD6B0981F81CF2E002E810C /* utils */,
				DC8DFE121F72A0D900F442DE /* controllers */,
				DC8DFE0D1F728F4000F442DE /* model */,
				DCCBB1EA1F6BAE9000D5ED23 /* API.swift */,
				DCCBB1C61F6BAC8300D5ED23 /* AppDelegate.swift */,
				9FB40C0D2338BF46008CDEB6 /* SceneDelegate.swift */,
				DCCBB1C81F6BAC8300D5ED23 /* IndexViewController.swift */,
				9F4A4F3A234DA0A3007BEB15 /* hello.swift */,
				DCCBB1CA1F6BAC8300D5ED23 /* ProfileViewController.swift */,
				344D45A92079AAE40069F2AD /* Media.xcassets */,
				DCCBB1CC1F6BAC8300D5ED23 /* Main.storyboard */,
				DCCBB1D11F6BAC8300D5ED23 /* LaunchScreen.storyboard */,
				DCCBB1D41F6BAC8300D5ED23 /* Info.plist */,
				9F3E37BA22FDA65B00CDF3EB /* GoogleService-Info.plist */,
			);
			path = "athena-ios";
			sourceTree = "<group>";
		};
		DCCBB1DD1F6BAD8A00D5ED23 /* Frameworks */ = {
			isa = PBXGroup;
			children = (
				9F0115C223460AA500045AC7 /* Wormholy.framework */,
				9F3E330123178171003CB1C8 /* FIRAnalyticsConnector.framework */,
				9F3E330623178171003CB1C8 /* FirebaseABTesting.framework */,
				9F3E330523178171003CB1C8 /* FirebaseAnalytics.framework */,
				9F3E330823178171003CB1C8 /* FirebaseAuth.framework */,
				9F3E32FB23178171003CB1C8 /* FirebaseCoreDiagnostics.framework */,
				9F3E330A23178171003CB1C8 /* FirebaseDatabase.framework */,
				9F3E330423178171003CB1C8 /* FirebaseInAppMessaging.framework */,
				9F3E330223178171003CB1C8 /* FirebaseInAppMessagingDisplay.framework */,
				9F3E32FA23178171003CB1C8 /* FirebaseInstanceID.framework */,
				9F3E330323178171003CB1C8 /* FirebaseMessaging.framework */,
				9F3E330723178171003CB1C8 /* FirebasePerformance.framework */,
				9F3E330023178171003CB1C8 /* FirebaseRemoteConfig.framework */,
				9F3E32FE23178171003CB1C8 /* FirebaseStorage.framework */,
				9F3E32F923178171003CB1C8 /* GoogleAppMeasurement.framework */,
				9F3E32FD23178171003CB1C8 /* GoogleDataTransport.framework */,
				9F3E330923178171003CB1C8 /* GoogleDataTransportCCTSupport.framework */,
				9F3E32FF23178171003CB1C8 /* GoogleToolboxForMac.framework */,
				9F3E32FC23178171003CB1C8 /* GoogleUtilities.framework */,
				9F3E330B23178171003CB1C8 /* GTMSessionFetcher.framework */,
				9FB7732622E70441000F9B7A /* libwebp.framework */,
				3419DF0022754FC200D9371C /* SDWebImageWebPCoder.framework */,
				3419DEFE22754FB300D9371C /* SDWebImageWebPCoder.framework.dSYM */,
				34C59D9320ABF4DF006FF049 /* FirebaseCore.framework */,
				34C59D9020ABF386006FF049 /* Firebase.framework */,
				349EAE7C206E53F000ACFB02 /* KeychainSwift.framework */,
				3434A9782066373F0096DF73 /* SQLite.framework */,
				3434A976206637320096DF73 /* SQLite.framework.dSYM */,
				DCDECFC11FB5429200380A86 /* Sentry.framework */,
				DCCBB1E81F6BADAC00D5ED23 /* SwiftyJSON.framework */,
				DCCBB1E61F6BADA700D5ED23 /* SKPhotoBrowser.framework */,
				DCCBB1E41F6BADA000D5ED23 /* SDWebImage.framework */,
				DCCBB1E21F6BAD9300D5ED23 /* Apollo.framework */,
				DCCBB1E01F6BAD9100D5ED23 /* AlamofireImage.framework */,
				DCCBB1DE1F6BAD8A00D5ED23 /* Alamofire.framework */,
			);
			name = Frameworks;
			sourceTree = "<group>";
		};
		DCD6B0981F81CF2E002E810C /* utils */ = {
			isa = PBXGroup;
			children = (
				DCD6B0991F81CF3B002E810C /* utils.swift */,
				3401723D20752E7E00C24029 /* SKPhotoCache.swift */,
				9F02F50C234200520067643E /* AthenaError.swift */,
			);
			path = utils;
			sourceTree = "<group>";
		};
/* End PBXGroup section */

/* Begin PBXNativeTarget section */
		DCCBB1C21F6BAC8300D5ED23 /* athena-ios */ = {
			isa = PBXNativeTarget;
			buildConfigurationList = DCCBB1D71F6BAC8300D5ED23 /* Build configuration list for PBXNativeTarget "athena-ios" */;
			buildPhases = (
				DCCBB1DA1F6BACD200D5ED23 /* Run Script */,
				DCCBB1C01F6BAC8300D5ED23 /* Frameworks */,
				DCCBB1C11F6BAC8300D5ED23 /* Resources */,
				DCCBB1DC1F6BAD1B00D5ED23 /* Generate GraphQL API */,
				DCCBB1BF1F6BAC8300D5ED23 /* Sources */,
				9F0115C523460AA500045AC7 /* Embed Frameworks */,
			);
			buildRules = (
			);
			dependencies = (
			);
			name = "athena-ios";
			packageProductDependencies = (
				9FD7B2942339EEDA0007D14D /* QGrid */,
			);
			productName = "athena-ios";
			productReference = DCCBB1C31F6BAC8300D5ED23 /* athena-ios.app */;
			productType = "com.apple.product-type.application";
		};
/* End PBXNativeTarget section */

/* Begin PBXProject section */
		DCCBB1BB1F6BAC8300D5ED23 /* Project object */ = {
			isa = PBXProject;
			attributes = {
				LastSwiftUpdateCheck = 0830;
				LastUpgradeCheck = 1020;
				ORGANIZATIONNAME = AnnatarHe;
				TargetAttributes = {
					DCCBB1C21F6BAC8300D5ED23 = {
						CreatedOnToolsVersion = 8.3.3;
						LastSwiftMigration = 1000;
						ProvisioningStyle = Automatic;
					};
				};
			};
			buildConfigurationList = DCCBB1BE1F6BAC8300D5ED23 /* Build configuration list for PBXProject "athena-ios" */;
			compatibilityVersion = "Xcode 3.2";
			developmentRegion = English;
			hasScannedForEncodings = 0;
			knownRegions = (
				English,
				en,
				Base,
			);
			mainGroup = DCCBB1BA1F6BAC8300D5ED23;
			packageReferences = (
				9FD7B2932339EEDA0007D14D /* XCRemoteSwiftPackageReference "QGrid" */,
			);
			productRefGroup = DCCBB1C41F6BAC8300D5ED23 /* Products */;
			projectDirPath = "";
			projectRoot = "";
			targets = (
				DCCBB1C21F6BAC8300D5ED23 /* athena-ios */,
			);
		};
/* End PBXProject section */

/* Begin PBXResourcesBuildPhase section */
		DCCBB1C11F6BAC8300D5ED23 /* Resources */ = {
			isa = PBXResourcesBuildPhase;
			buildActionMask = 2147483647;
			files = (
				DCCBB1D31F6BAC8300D5ED23 /* LaunchScreen.storyboard in Resources */,
				9F3E37BB22FDA65B00CDF3EB /* GoogleService-Info.plist in Resources */,
				344D45AA2079AAE40069F2AD /* Media.xcassets in Resources */,
				DCCBB1CE1F6BAC8300D5ED23 /* Main.storyboard in Resources */,
			);
			runOnlyForDeploymentPostprocessing = 0;
		};
/* End PBXResourcesBuildPhase section */

/* Begin PBXShellScriptBuildPhase section */
		DCCBB1DA1F6BACD200D5ED23 /* Run Script */ = {
			isa = PBXShellScriptBuildPhase;
			buildActionMask = 2147483647;
			files = (
			);
			inputFileListPaths = (
				"$(SRCROOT)/input.xcfilelist",
			);
			inputPaths = (
			);
			name = "Run Script";
			outputFileListPaths = (
				"$(SRCROOT)/output.xcfilelist",
			);
			outputPaths = (
			);
			runOnlyForDeploymentPostprocessing = 0;
			shellPath = /bin/sh;
			shellScript = "/usr/local/bin/carthage copy-frameworks\n";
		};
		DCCBB1DC1F6BAD1B00D5ED23 /* Generate GraphQL API */ = {
			isa = PBXShellScriptBuildPhase;
			buildActionMask = 2147483647;
			files = (
			);
			inputPaths = (
			);
			name = "Generate GraphQL API";
			outputPaths = (
			);
			runOnlyForDeploymentPostprocessing = 0;
			shellPath = /bin/sh;
			shellScript = "APOLLO_FRAMEWORK_PATH=\"$(eval find $FRAMEWORK_SEARCH_PATHS -name \"Apollo.framework\" -maxdepth 1)\"\n\nif [ -z \"$APOLLO_FRAMEWORK_PATH\" ]; then\necho \"error: Couldn't find Apollo.framework in FRAMEWORK_SEARCH_PATHS; make sure to add the framework to your project.\"\nexit 1\nfi\n\ncd \"${SRCROOT}/${TARGET_NAME}\"\ncd ../../schema\nmake gen\n# $APOLLO_FRAMEWORK_PATH/check-and-run-apollo-cli.sh codegen:generate --queries=\"$(find ../../schema -name '*.graphql')\" --schema=../../schema.json API.swift\n";
		};
/* End PBXShellScriptBuildPhase section */

/* Begin PBXSourcesBuildPhase section */
		DCCBB1BF1F6BAC8300D5ED23 /* Sources */ = {
			isa = PBXSourcesBuildPhase;
			buildActionMask = 2147483647;
			files = (
				DCD6B09A1F81CF3B002E810C /* utils.swift in Sources */,
				9FD7B28B23390CF50007D14D /* auth.swift in Sources */,
				9FD7B29D233B875B0007D14D /* WebImage.swift in Sources */,
				9F02F50D234200520067643E /* AthenaError.swift in Sources */,
				9F02F50F234321630067643E /* DetailView.swift in Sources */,
				9F02F5072341DE740067643E /* CategoriesButton.swift in Sources */,
				9FA9F5B8234AD7EB007D3326 /* OpenData.swift in Sources */,
				9FD7B28F233928780007D14D /* cells.swift in Sources */,
				34E9DFFE2081D4CA000676FB /* PublicDataViewController.swift in Sources */,
				3401723E20752E7E00C24029 /* SKPhotoCache.swift in Sources */,
				DCCBB1CB1F6BAC8300D5ED23 /* ProfileViewController.swift in Sources */,
				DCCBB1C71F6BAC8300D5ED23 /* AppDelegate.swift in Sources */,
				DCCBB1EB1F6BAE9000D5ED23 /* API.swift in Sources */,
				9F02F5092341F0280067643E /* SkipModal.swift in Sources */,
				9FD38649234CA31C00A04731 /* MainViewPreviews.swift in Sources */,
				DC8DFE141F72A0EE00F442DE /* AuthViewController.swift in Sources */,
				DC8DFE0F1F728F8000F442DE /* ModalApp.swift in Sources */,
				9FD7B28D233927780007D14D /* profile.swift in Sources */,
				9FB40C0E2338BF46008CDEB6 /* SceneDelegate.swift in Sources */,
				34E9DFFC20810442000676FB /* PostDetailViewController.swift in Sources */,
				9FA9F5B6234AD57E007D3326 /* Settings.swift in Sources */,
				349F4E6220D7B2D80045DB67 /* CollectionItemCellCollectionViewCell.swift in Sources */,
				349800DE2203EF490081536C /* baseViewController.swift in Sources */,
				3401724C207595F600C24029 /* SettingCell.swift in Sources */,
				34A6A9EC208A08F8005C237B /* AthenaNavigationBar.swift in Sources */,
				9FD7B28923390BCF0007D14D /* server.swift in Sources */,
				9F02F5032341C69F0067643E /* listStore.swift in Sources */,
				9FD7B2A0233B9D320007D14D /* UserCard.swift in Sources */,
				DCCBB1C91F6BAC8300D5ED23 /* IndexViewController.swift in Sources */,
				9F02F5052341DE3E0067643E /* SkipButton.swift in Sources */,
				DC8DFE111F728FFC00F442DE /* Config.swift in Sources */,
				3401724E2075984400C24029 /* AboutViewController.swift in Sources */,
				9FD7B29B233B87290007D14D /* SDWebImageSwiftUI.swift in Sources */,
				9FD7B2842338E9210007D14D /* Store.swift in Sources */,
				DCD6B0931F81C6FF002E810C /* GirlCellOfTableTableViewCell.swift in Sources */,
				9FD7B299233B86F30007D14D /* ImageManager.swift in Sources */,
				3434A975206621450096DF73 /* DBManager.swift in Sources */,
				9FB40BE923388C98008CDEB6 /* index.swift in Sources */,
				9FD7B2872338FF600007D14D /* profileStore.swift in Sources */,
				9F4A4F3B234DA0A3007BEB15 /* hello.swift in Sources */,
				3401724520753D8A00C24029 /* SettingViewController.swift in Sources */,
			);
			runOnlyForDeploymentPostprocessing = 0;
		};
/* End PBXSourcesBuildPhase section */

/* Begin PBXVariantGroup section */
		DCCBB1CC1F6BAC8300D5ED23 /* Main.storyboard */ = {
			isa = PBXVariantGroup;
			children = (
				DCCBB1CD1F6BAC8300D5ED23 /* Base */,
			);
			name = Main.storyboard;
			sourceTree = "<group>";
		};
		DCCBB1D11F6BAC8300D5ED23 /* LaunchScreen.storyboard */ = {
			isa = PBXVariantGroup;
			children = (
				DCCBB1D21F6BAC8300D5ED23 /* Base */,
			);
			name = LaunchScreen.storyboard;
			sourceTree = "<group>";
		};
/* End PBXVariantGroup section */

/* Begin XCBuildConfiguration section */
		DCCBB1D51F6BAC8300D5ED23 /* Debug */ = {
			isa = XCBuildConfiguration;
			buildSettings = {
				ALWAYS_SEARCH_USER_PATHS = NO;
				CLANG_ANALYZER_LOCALIZABILITY_NONLOCALIZED = YES;
				CLANG_ANALYZER_NONNULL = YES;
				CLANG_ANALYZER_NUMBER_OBJECT_CONVERSION = YES_AGGRESSIVE;
				CLANG_CXX_LANGUAGE_STANDARD = "gnu++14";
				CLANG_CXX_LIBRARY = "libc++";
				CLANG_ENABLE_MODULES = YES;
				CLANG_ENABLE_OBJC_ARC = YES;
				CLANG_WARN_BLOCK_CAPTURE_AUTORELEASING = YES;
				CLANG_WARN_BOOL_CONVERSION = YES;
				CLANG_WARN_COMMA = YES;
				CLANG_WARN_CONSTANT_CONVERSION = YES;
				CLANG_WARN_DEPRECATED_OBJC_IMPLEMENTATIONS = YES;
				CLANG_WARN_DIRECT_OBJC_ISA_USAGE = YES_ERROR;
				CLANG_WARN_DOCUMENTATION_COMMENTS = YES;
				CLANG_WARN_EMPTY_BODY = YES;
				CLANG_WARN_ENUM_CONVERSION = YES;
				CLANG_WARN_INFINITE_RECURSION = YES;
				CLANG_WARN_INT_CONVERSION = YES;
				CLANG_WARN_NON_LITERAL_NULL_CONVERSION = YES;
				CLANG_WARN_OBJC_IMPLICIT_RETAIN_SELF = YES;
				CLANG_WARN_OBJC_LITERAL_CONVERSION = YES;
				CLANG_WARN_OBJC_ROOT_CLASS = YES_ERROR;
				CLANG_WARN_RANGE_LOOP_ANALYSIS = YES;
				CLANG_WARN_STRICT_PROTOTYPES = YES;
				CLANG_WARN_SUSPICIOUS_MOVE = YES;
				CLANG_WARN_UNREACHABLE_CODE = YES;
				CLANG_WARN__DUPLICATE_METHOD_MATCH = YES;
				"CODE_SIGN_IDENTITY[sdk=iphoneos*]" = "iPhone Developer";
				COPY_PHASE_STRIP = NO;
				DEBUG_INFORMATION_FORMAT = dwarf;
				ENABLE_STRICT_OBJC_MSGSEND = YES;
				ENABLE_TESTABILITY = YES;
				GCC_C_LANGUAGE_STANDARD = gnu11;
				GCC_DYNAMIC_NO_PIC = NO;
				GCC_NO_COMMON_BLOCKS = YES;
				GCC_OPTIMIZATION_LEVEL = 0;
				GCC_PREPROCESSOR_DEFINITIONS = (
					"DEBUG=1",
					"$(inherited)",
				);
				GCC_WARN_64_TO_32_BIT_CONVERSION = YES;
				GCC_WARN_ABOUT_RETURN_TYPE = YES_ERROR;
				GCC_WARN_UNDECLARED_SELECTOR = YES;
				GCC_WARN_UNINITIALIZED_AUTOS = YES_AGGRESSIVE;
				GCC_WARN_UNUSED_FUNCTION = YES;
				GCC_WARN_UNUSED_VARIABLE = YES;
				IPHONEOS_DEPLOYMENT_TARGET = 13.0;
				MTL_ENABLE_DEBUG_INFO = INCLUDE_SOURCE;
				ONLY_ACTIVE_ARCH = YES;
				OTHER_LIBTOOLFLAGS = ObjC;
				SDKROOT = iphoneos;
				SWIFT_ACTIVE_COMPILATION_CONDITIONS = DEBUG;
				"SWIFT_ACTIVE_COMPILATION_CONDITIONS[arch=*]" = DEBUG;
				SWIFT_OPTIMIZATION_LEVEL = "-Onone";
			};
			name = Debug;
		};
		DCCBB1D61F6BAC8300D5ED23 /* Release */ = {
			isa = XCBuildConfiguration;
			buildSettings = {
				ALWAYS_SEARCH_USER_PATHS = NO;
				CLANG_ANALYZER_LOCALIZABILITY_NONLOCALIZED = YES;
				CLANG_ANALYZER_NONNULL = YES;
				CLANG_ANALYZER_NUMBER_OBJECT_CONVERSION = YES_AGGRESSIVE;
				CLANG_CXX_LANGUAGE_STANDARD = "gnu++14";
				CLANG_CXX_LIBRARY = "libc++";
				CLANG_ENABLE_MODULES = YES;
				CLANG_ENABLE_OBJC_ARC = YES;
				CLANG_WARN_BLOCK_CAPTURE_AUTORELEASING = YES;
				CLANG_WARN_BOOL_CONVERSION = YES;
				CLANG_WARN_COMMA = YES;
				CLANG_WARN_CONSTANT_CONVERSION = YES;
				CLANG_WARN_DEPRECATED_OBJC_IMPLEMENTATIONS = YES;
				CLANG_WARN_DIRECT_OBJC_ISA_USAGE = YES_ERROR;
				CLANG_WARN_DOCUMENTATION_COMMENTS = YES;
				CLANG_WARN_EMPTY_BODY = YES;
				CLANG_WARN_ENUM_CONVERSION = YES;
				CLANG_WARN_INFINITE_RECURSION = YES;
				CLANG_WARN_INT_CONVERSION = YES;
				CLANG_WARN_NON_LITERAL_NULL_CONVERSION = YES;
				CLANG_WARN_OBJC_IMPLICIT_RETAIN_SELF = YES;
				CLANG_WARN_OBJC_LITERAL_CONVERSION = YES;
				CLANG_WARN_OBJC_ROOT_CLASS = YES_ERROR;
				CLANG_WARN_RANGE_LOOP_ANALYSIS = YES;
				CLANG_WARN_STRICT_PROTOTYPES = YES;
				CLANG_WARN_SUSPICIOUS_MOVE = YES;
				CLANG_WARN_UNREACHABLE_CODE = YES;
				CLANG_WARN__DUPLICATE_METHOD_MATCH = YES;
				"CODE_SIGN_IDENTITY[sdk=iphoneos*]" = "iPhone Developer";
				COPY_PHASE_STRIP = NO;
				DEBUG_INFORMATION_FORMAT = "dwarf-with-dsym";
				ENABLE_NS_ASSERTIONS = NO;
				ENABLE_STRICT_OBJC_MSGSEND = YES;
				GCC_C_LANGUAGE_STANDARD = gnu11;
				GCC_NO_COMMON_BLOCKS = YES;
				GCC_WARN_64_TO_32_BIT_CONVERSION = YES;
				GCC_WARN_ABOUT_RETURN_TYPE = YES_ERROR;
				GCC_WARN_UNDECLARED_SELECTOR = YES;
				GCC_WARN_UNINITIALIZED_AUTOS = YES_AGGRESSIVE;
				GCC_WARN_UNUSED_FUNCTION = YES;
				GCC_WARN_UNUSED_VARIABLE = YES;
				IPHONEOS_DEPLOYMENT_TARGET = 13.0;
				MTL_ENABLE_DEBUG_INFO = NO;
				OTHER_LIBTOOLFLAGS = ObjC;
				SDKROOT = iphoneos;
				SWIFT_COMPILATION_MODE = wholemodule;
				SWIFT_OPTIMIZATION_LEVEL = "-O";
				VALIDATE_PRODUCT = YES;
			};
			name = Release;
		};
		DCCBB1D81F6BAC8300D5ED23 /* Debug */ = {
			isa = XCBuildConfiguration;
			buildSettings = {
				ASSETCATALOG_COMPILER_APPICON_NAME = AppIcon;
				CODE_SIGN_IDENTITY = "iPhone Developer";
				CODE_SIGN_STYLE = Automatic;
				DEVELOPMENT_TEAM = VY3AP6C55K;
				ENABLE_PREVIEWS = YES;
				FRAMEWORK_SEARCH_PATHS = (
					"$(inherited)",
					"$(PROJECT_DIR)/Carthage/Build/iOS",
				);
				INFOPLIST_FILE = "athena-ios/Info.plist";
				IPHONEOS_DEPLOYMENT_TARGET = 13.0;
				LD_RUNPATH_SEARCH_PATHS = (
					"$(inherited)",
					"@executable_path/Frameworks",
				);
				MTL_FAST_MATH = YES;
				PRODUCT_BUNDLE_IDENTIFIER = com.annatarhe.db;
				PRODUCT_NAME = "$(TARGET_NAME)";
				PROVISIONING_PROFILE_SPECIFIER = "";
				SWIFT_VERSION = 5.0;
			};
			name = Debug;
		};
		DCCBB1D91F6BAC8300D5ED23 /* Release */ = {
			isa = XCBuildConfiguration;
			buildSettings = {
				ASSETCATALOG_COMPILER_APPICON_NAME = AppIcon;
				CODE_SIGN_IDENTITY = "iPhone Developer";
				CODE_SIGN_STYLE = Automatic;
				DEVELOPMENT_TEAM = VY3AP6C55K;
				ENABLE_PREVIEWS = YES;
				FRAMEWORK_SEARCH_PATHS = (
					"$(inherited)",
					"$(PROJECT_DIR)/Carthage/Build/iOS",
				);
				INFOPLIST_FILE = "athena-ios/Info.plist";
				IPHONEOS_DEPLOYMENT_TARGET = 13.0;
				LD_RUNPATH_SEARCH_PATHS = (
					"$(inherited)",
					"@executable_path/Frameworks",
				);
				MTL_FAST_MATH = YES;
				PRODUCT_BUNDLE_IDENTIFIER = com.annatarhe.db;
				PRODUCT_NAME = "$(TARGET_NAME)";
				PROVISIONING_PROFILE_SPECIFIER = "";
				SWIFT_VERSION = 5.0;
			};
			name = Release;
		};
/* End XCBuildConfiguration section */

/* Begin XCConfigurationList section */
		DCCBB1BE1F6BAC8300D5ED23 /* Build configuration list for PBXProject "athena-ios" */ = {
			isa = XCConfigurationList;
			buildConfigurations = (
				DCCBB1D51F6BAC8300D5ED23 /* Debug */,
				DCCBB1D61F6BAC8300D5ED23 /* Release */,
			);
			defaultConfigurationIsVisible = 0;
			defaultConfigurationName = Debug;
		};
		DCCBB1D71F6BAC8300D5ED23 /* Build configuration list for PBXNativeTarget "athena-ios" */ = {
			isa = XCConfigurationList;
			buildConfigurations = (
				DCCBB1D81F6BAC8300D5ED23 /* Debug */,
				DCCBB1D91F6BAC8300D5ED23 /* Release */,
			);
			defaultConfigurationIsVisible = 0;
			defaultConfigurationName = Debug;
		};
/* End XCConfigurationList section */

/* Begin XCRemoteSwiftPackageReference section */
		9FD7B2932339EEDA0007D14D /* XCRemoteSwiftPackageReference "QGrid" */ = {
			isa = XCRemoteSwiftPackageReference;
			repositoryURL = "https://github.com/Q-Mobile/QGrid";
			requirement = {
				kind = upToNextMajorVersion;
				minimumVersion = 0.1.2;
			};
		};
/* End XCRemoteSwiftPackageReference section */

/* Begin XCSwiftPackageProductDependency section */
		9FD7B2942339EEDA0007D14D /* QGrid */ = {
			isa = XCSwiftPackageProductDependency;
			package = 9FD7B2932339EEDA0007D14D /* XCRemoteSwiftPackageReference "QGrid" */;
			productName = QGrid;
		};
/* End XCSwiftPackageProductDependency section */
	};
	rootObject = DCCBB1BB1F6BAC8300D5ED23 /* Project object */;
}
