// !$*UTF8*$!
{
	archiveVersion = 1;
	classes = {
	};
	objectVersion = 46;
	objects = {

/* Begin PBXBuildFile section */
		3401723E20752E7E00C24029 /* SKPhotoCache.swift in Sources */ = {isa = PBXBuildFile; fileRef = 3401723D20752E7E00C24029 /* SKPhotoCache.swift */; };
		3401724520753D8A00C24029 /* SettingViewController.swift in Sources */ = {isa = PBXBuildFile; fileRef = 3401724420753D8A00C24029 /* SettingViewController.swift */; };
		3401724C207595F600C24029 /* SettingCell.swift in Sources */ = {isa = PBXBuildFile; fileRef = 3401724B207595F600C24029 /* SettingCell.swift */; };
		3401724E2075984400C24029 /* AboutViewController.swift in Sources */ = {isa = PBXBuildFile; fileRef = 3401724D2075984400C24029 /* AboutViewController.swift */; };
		3434A975206621450096DF73 /* DBManager.swift in Sources */ = {isa = PBXBuildFile; fileRef = 3434A974206621450096DF73 /* DBManager.swift */; };
		3434A9792066373F0096DF73 /* SQLite.framework in Frameworks */ = {isa = PBXBuildFile; fileRef = 3434A9782066373F0096DF73 /* SQLite.framework */; };
		344D45AA2079AAE40069F2AD /* Media.xcassets in Resources */ = {isa = PBXBuildFile; fileRef = 344D45A92079AAE40069F2AD /* Media.xcassets */; };
		349EAE7D206E53F000ACFB02 /* KeychainSwift.framework in Frameworks */ = {isa = PBXBuildFile; fileRef = 349EAE7C206E53F000ACFB02 /* KeychainSwift.framework */; };
		349F4E6220D7B2D80045DB67 /* CollectionItemCellCollectionViewCell.swift in Sources */ = {isa = PBXBuildFile; fileRef = 349F4E6020D7B2D80045DB67 /* CollectionItemCellCollectionViewCell.swift */; };
		34A6A9EC208A08F8005C237B /* AthenaNavigationBar.swift in Sources */ = {isa = PBXBuildFile; fileRef = 34A6A9EB208A08F8005C237B /* AthenaNavigationBar.swift */; };
		34E9DFFC20810442000676FB /* PostDetailViewController.swift in Sources */ = {isa = PBXBuildFile; fileRef = 34E9DFFB20810442000676FB /* PostDetailViewController.swift */; };
		34E9DFFE2081D4CA000676FB /* PublicDataViewController.swift in Sources */ = {isa = PBXBuildFile; fileRef = 34E9DFFD2081D4CA000676FB /* PublicDataViewController.swift */; };
		DC0C01811F8B46D600ED869A /* SKPhotoBrowser.framework in Embed Frameworks */ = {isa = PBXBuildFile; fileRef = DCCBB1E61F6BADA700D5ED23 /* SKPhotoBrowser.framework */; settings = {ATTRIBUTES = (CodeSignOnCopy, RemoveHeadersOnCopy, ); }; };
		DC8DFE0F1F728F8000F442DE /* ModalApp.swift in Sources */ = {isa = PBXBuildFile; fileRef = DC8DFE0E1F728F8000F442DE /* ModalApp.swift */; };
		DC8DFE111F728FFC00F442DE /* Config.swift in Sources */ = {isa = PBXBuildFile; fileRef = DC8DFE101F728FFC00F442DE /* Config.swift */; };
		DC8DFE141F72A0EE00F442DE /* AuthViewController.swift in Sources */ = {isa = PBXBuildFile; fileRef = DC8DFE131F72A0EE00F442DE /* AuthViewController.swift */; };
		DCA0E7041F86FC240087A691 /* SKPhotoBrowser.framework in Frameworks */ = {isa = PBXBuildFile; fileRef = DCCBB1E61F6BADA700D5ED23 /* SKPhotoBrowser.framework */; settings = {ATTRIBUTES = (Weak, ); }; };
		DCCBB1C71F6BAC8300D5ED23 /* AppDelegate.swift in Sources */ = {isa = PBXBuildFile; fileRef = DCCBB1C61F6BAC8300D5ED23 /* AppDelegate.swift */; };
		DCCBB1C91F6BAC8300D5ED23 /* IndexViewController.swift in Sources */ = {isa = PBXBuildFile; fileRef = DCCBB1C81F6BAC8300D5ED23 /* IndexViewController.swift */; };
		DCCBB1CB1F6BAC8300D5ED23 /* ProfileViewController.swift in Sources */ = {isa = PBXBuildFile; fileRef = DCCBB1CA1F6BAC8300D5ED23 /* ProfileViewController.swift */; };
		DCCBB1CE1F6BAC8300D5ED23 /* Main.storyboard in Resources */ = {isa = PBXBuildFile; fileRef = DCCBB1CC1F6BAC8300D5ED23 /* Main.storyboard */; };
		DCCBB1D31F6BAC8300D5ED23 /* LaunchScreen.storyboard in Resources */ = {isa = PBXBuildFile; fileRef = DCCBB1D11F6BAC8300D5ED23 /* LaunchScreen.storyboard */; };
		DCCBB1DF1F6BAD8A00D5ED23 /* Alamofire.framework in Frameworks */ = {isa = PBXBuildFile; fileRef = DCCBB1DE1F6BAD8A00D5ED23 /* Alamofire.framework */; };
		DCCBB1E31F6BAD9300D5ED23 /* Apollo.framework in Frameworks */ = {isa = PBXBuildFile; fileRef = DCCBB1E21F6BAD9300D5ED23 /* Apollo.framework */; };
		DCCBB1E51F6BADA000D5ED23 /* SDWebImage.framework in Frameworks */ = {isa = PBXBuildFile; fileRef = DCCBB1E41F6BADA000D5ED23 /* SDWebImage.framework */; };
		DCCBB1E91F6BADAC00D5ED23 /* SwiftyJSON.framework in Frameworks */ = {isa = PBXBuildFile; fileRef = DCCBB1E81F6BADAC00D5ED23 /* SwiftyJSON.framework */; settings = {ATTRIBUTES = (Weak, ); }; };
		DCCBB1EB1F6BAE9000D5ED23 /* API.swift in Sources */ = {isa = PBXBuildFile; fileRef = DCCBB1EA1F6BAE9000D5ED23 /* API.swift */; };
		DCD6B0931F81C6FF002E810C /* GirlCellOfTableTableViewCell.swift in Sources */ = {isa = PBXBuildFile; fileRef = DCD6B0921F81C6FF002E810C /* GirlCellOfTableTableViewCell.swift */; };
		DCD6B09A1F81CF3B002E810C /* utils.swift in Sources */ = {isa = PBXBuildFile; fileRef = DCD6B0991F81CF3B002E810C /* utils.swift */; };
		DCDECFC31FB553D100380A86 /* Sentry.framework in Frameworks */ = {isa = PBXBuildFile; fileRef = DCDECFC11FB5429200380A86 /* Sentry.framework */; };
		DCDECFC41FB553D100380A86 /* Sentry.framework in Embed Frameworks */ = {isa = PBXBuildFile; fileRef = DCDECFC11FB5429200380A86 /* Sentry.framework */; settings = {ATTRIBUTES = (CodeSignOnCopy, RemoveHeadersOnCopy, ); }; };
/* End PBXBuildFile section */

/* Begin PBXCopyFilesBuildPhase section */
		DC0C01821F8B46D600ED869A /* Embed Frameworks */ = {
			isa = PBXCopyFilesBuildPhase;
			buildActionMask = 2147483647;
			dstPath = "";
			dstSubfolderSpec = 10;
			files = (
				DC0C01811F8B46D600ED869A /* SKPhotoBrowser.framework in Embed Frameworks */,
				DCDECFC41FB553D100380A86 /* Sentry.framework in Embed Frameworks */,
			);
			name = "Embed Frameworks";
			runOnlyForDeploymentPostprocessing = 0;
		};
/* End PBXCopyFilesBuildPhase section */

/* Begin PBXFileReference section */
		3401723D20752E7E00C24029 /* SKPhotoCache.swift */ = {isa = PBXFileReference; lastKnownFileType = sourcecode.swift; path = SKPhotoCache.swift; sourceTree = "<group>"; };
		3401724420753D8A00C24029 /* SettingViewController.swift */ = {isa = PBXFileReference; lastKnownFileType = sourcecode.swift; path = SettingViewController.swift; sourceTree = "<group>"; };
		3401724B207595F600C24029 /* SettingCell.swift */ = {isa = PBXFileReference; lastKnownFileType = sourcecode.swift; path = SettingCell.swift; sourceTree = "<group>"; };
		3401724D2075984400C24029 /* AboutViewController.swift */ = {isa = PBXFileReference; lastKnownFileType = sourcecode.swift; path = AboutViewController.swift; sourceTree = "<group>"; };
		3434A974206621450096DF73 /* DBManager.swift */ = {isa = PBXFileReference; lastKnownFileType = sourcecode.swift; path = DBManager.swift; sourceTree = "<group>"; };
		3434A976206637320096DF73 /* SQLite.framework.dSYM */ = {isa = PBXFileReference; lastKnownFileType = wrapper.dsym; name = SQLite.framework.dSYM; path = Carthage/Build/iOS/SQLite.framework.dSYM; sourceTree = "<group>"; };
		3434A9782066373F0096DF73 /* SQLite.framework */ = {isa = PBXFileReference; lastKnownFileType = wrapper.framework; name = SQLite.framework; path = Carthage/Build/iOS/SQLite.framework; sourceTree = "<group>"; };
		344D45A92079AAE40069F2AD /* Media.xcassets */ = {isa = PBXFileReference; lastKnownFileType = folder.assetcatalog; path = Media.xcassets; sourceTree = "<group>"; };
		349EAE7C206E53F000ACFB02 /* KeychainSwift.framework */ = {isa = PBXFileReference; lastKnownFileType = wrapper.framework; name = KeychainSwift.framework; path = Carthage/Build/iOS/KeychainSwift.framework; sourceTree = "<group>"; };
		349F4E6020D7B2D80045DB67 /* CollectionItemCellCollectionViewCell.swift */ = {isa = PBXFileReference; lastKnownFileType = sourcecode.swift; path = CollectionItemCellCollectionViewCell.swift; sourceTree = "<group>"; };
		34A6A9EB208A08F8005C237B /* AthenaNavigationBar.swift */ = {isa = PBXFileReference; lastKnownFileType = sourcecode.swift; path = AthenaNavigationBar.swift; sourceTree = "<group>"; };
		34C59D9020ABF386006FF049 /* Firebase.framework */ = {isa = PBXFileReference; lastKnownFileType = wrapper.framework; name = Firebase.framework; path = Carthage/Build/iOS/Firebase.framework; sourceTree = "<group>"; };
		34C59D9320ABF4DF006FF049 /* FirebaseCore.framework */ = {isa = PBXFileReference; lastKnownFileType = wrapper.framework; name = FirebaseCore.framework; path = Carthage/Build/iOS/FirebaseCore.framework; sourceTree = "<group>"; };
		34E9DFFB20810442000676FB /* PostDetailViewController.swift */ = {isa = PBXFileReference; lastKnownFileType = sourcecode.swift; path = PostDetailViewController.swift; sourceTree = "<group>"; };
		34E9DFFD2081D4CA000676FB /* PublicDataViewController.swift */ = {isa = PBXFileReference; lastKnownFileType = sourcecode.swift; path = PublicDataViewController.swift; sourceTree = "<group>"; };
		DC8DFE0E1F728F8000F442DE /* ModalApp.swift */ = {isa = PBXFileReference; lastKnownFileType = sourcecode.swift; path = ModalApp.swift; sourceTree = "<group>"; };
		DC8DFE101F728FFC00F442DE /* Config.swift */ = {isa = PBXFileReference; lastKnownFileType = sourcecode.swift; path = Config.swift; sourceTree = "<group>"; };
		DC8DFE131F72A0EE00F442DE /* AuthViewController.swift */ = {isa = PBXFileReference; lastKnownFileType = sourcecode.swift; path = AuthViewController.swift; sourceTree = "<group>"; };
		DCCBB1C31F6BAC8300D5ED23 /* athena-ios.app */ = {isa = PBXFileReference; explicitFileType = wrapper.application; includeInIndex = 0; path = "athena-ios.app"; sourceTree = BUILT_PRODUCTS_DIR; };
		DCCBB1C61F6BAC8300D5ED23 /* AppDelegate.swift */ = {isa = PBXFileReference; lastKnownFileType = sourcecode.swift; path = AppDelegate.swift; sourceTree = "<group>"; };
		DCCBB1C81F6BAC8300D5ED23 /* IndexViewController.swift */ = {isa = PBXFileReference; lastKnownFileType = sourcecode.swift; path = IndexViewController.swift; sourceTree = "<group>"; };
		DCCBB1CA1F6BAC8300D5ED23 /* ProfileViewController.swift */ = {isa = PBXFileReference; lastKnownFileType = sourcecode.swift; path = ProfileViewController.swift; sourceTree = "<group>"; };
		DCCBB1CD1F6BAC8300D5ED23 /* Base */ = {isa = PBXFileReference; lastKnownFileType = file.storyboard; name = Base; path = Base.lproj/Main.storyboard; sourceTree = "<group>"; };
		DCCBB1D21F6BAC8300D5ED23 /* Base */ = {isa = PBXFileReference; lastKnownFileType = file.storyboard; name = Base; path = Base.lproj/LaunchScreen.storyboard; sourceTree = "<group>"; };
		DCCBB1D41F6BAC8300D5ED23 /* Info.plist */ = {isa = PBXFileReference; lastKnownFileType = text.plist.xml; path = Info.plist; sourceTree = "<group>"; };
		DCCBB1DE1F6BAD8A00D5ED23 /* Alamofire.framework */ = {isa = PBXFileReference; lastKnownFileType = wrapper.framework; name = Alamofire.framework; path = Carthage/Build/iOS/Alamofire.framework; sourceTree = "<group>"; };
		DCCBB1E01F6BAD9100D5ED23 /* AlamofireImage.framework */ = {isa = PBXFileReference; lastKnownFileType = wrapper.framework; name = AlamofireImage.framework; path = Carthage/Build/iOS/AlamofireImage.framework; sourceTree = "<group>"; };
		DCCBB1E21F6BAD9300D5ED23 /* Apollo.framework */ = {isa = PBXFileReference; lastKnownFileType = wrapper.framework; name = Apollo.framework; path = Carthage/Build/iOS/Apollo.framework; sourceTree = "<group>"; };
		DCCBB1E41F6BADA000D5ED23 /* SDWebImage.framework */ = {isa = PBXFileReference; lastKnownFileType = wrapper.framework; name = SDWebImage.framework; path = Carthage/Build/iOS/SDWebImage.framework; sourceTree = "<group>"; };
		DCCBB1E61F6BADA700D5ED23 /* SKPhotoBrowser.framework */ = {isa = PBXFileReference; lastKnownFileType = wrapper.framework; name = SKPhotoBrowser.framework; path = Carthage/Build/iOS/SKPhotoBrowser.framework; sourceTree = "<group>"; };
		DCCBB1E81F6BADAC00D5ED23 /* SwiftyJSON.framework */ = {isa = PBXFileReference; lastKnownFileType = wrapper.framework; name = SwiftyJSON.framework; path = Carthage/Build/iOS/SwiftyJSON.framework; sourceTree = "<group>"; };
		DCCBB1EA1F6BAE9000D5ED23 /* API.swift */ = {isa = PBXFileReference; fileEncoding = 4; lastKnownFileType = sourcecode.swift; path = API.swift; sourceTree = "<group>"; };
		DCD6B0921F81C6FF002E810C /* GirlCellOfTableTableViewCell.swift */ = {isa = PBXFileReference; lastKnownFileType = sourcecode.swift; path = GirlCellOfTableTableViewCell.swift; sourceTree = "<group>"; };
		DCD6B0991F81CF3B002E810C /* utils.swift */ = {isa = PBXFileReference; lastKnownFileType = sourcecode.swift; path = utils.swift; sourceTree = "<group>"; };
		DCDECFC11FB5429200380A86 /* Sentry.framework */ = {isa = PBXFileReference; lastKnownFileType = wrapper.framework; name = Sentry.framework; path = Carthage/Build/iOS/Sentry.framework; sourceTree = "<group>"; };
/* End PBXFileReference section */

/* Begin PBXFrameworksBuildPhase section */
		DCCBB1C01F6BAC8300D5ED23 /* Frameworks */ = {
			isa = PBXFrameworksBuildPhase;
			buildActionMask = 2147483647;
			files = (
				DCCBB1DF1F6BAD8A00D5ED23 /* Alamofire.framework in Frameworks */,
				DCDECFC31FB553D100380A86 /* Sentry.framework in Frameworks */,
				DCCBB1E31F6BAD9300D5ED23 /* Apollo.framework in Frameworks */,
				DCCBB1E51F6BADA000D5ED23 /* SDWebImage.framework in Frameworks */,
				DCA0E7041F86FC240087A691 /* SKPhotoBrowser.framework in Frameworks */,
				DCCBB1E91F6BADAC00D5ED23 /* SwiftyJSON.framework in Frameworks */,
				3434A9792066373F0096DF73 /* SQLite.framework in Frameworks */,
				349EAE7D206E53F000ACFB02 /* KeychainSwift.framework in Frameworks */,
			);
			runOnlyForDeploymentPostprocessing = 0;
		};
/* End PBXFrameworksBuildPhase section */

/* Begin PBXGroup section */
		DC8DFE0D1F728F4000F442DE /* model */ = {
			isa = PBXGroup;
			children = (
				DC8DFE0E1F728F8000F442DE /* ModalApp.swift */,
				DC8DFE101F728FFC00F442DE /* Config.swift */,
				3434A974206621450096DF73 /* DBManager.swift */,
			);
			path = model;
			sourceTree = "<group>";
		};
		DC8DFE121F72A0D900F442DE /* controllers */ = {
			isa = PBXGroup;
			children = (
				DC8DFE131F72A0EE00F442DE /* AuthViewController.swift */,
				DCD6B0921F81C6FF002E810C /* GirlCellOfTableTableViewCell.swift */,
				349F4E6020D7B2D80045DB67 /* CollectionItemCellCollectionViewCell.swift */,
				3401724420753D8A00C24029 /* SettingViewController.swift */,
				3401724B207595F600C24029 /* SettingCell.swift */,
				3401724D2075984400C24029 /* AboutViewController.swift */,
				34E9DFFB20810442000676FB /* PostDetailViewController.swift */,
				34E9DFFD2081D4CA000676FB /* PublicDataViewController.swift */,
				34A6A9EB208A08F8005C237B /* AthenaNavigationBar.swift */,
			);
			path = controllers;
			sourceTree = "<group>";
		};
		DCCBB1BA1F6BAC8300D5ED23 = {
			isa = PBXGroup;
			children = (
				DCCBB1C51F6BAC8300D5ED23 /* athena-ios */,
				DCCBB1C41F6BAC8300D5ED23 /* Products */,
				DCCBB1DD1F6BAD8A00D5ED23 /* Frameworks */,
			);
			sourceTree = "<group>";
		};
		DCCBB1C41F6BAC8300D5ED23 /* Products */ = {
			isa = PBXGroup;
			children = (
				DCCBB1C31F6BAC8300D5ED23 /* athena-ios.app */,
			);
			name = Products;
			sourceTree = "<group>";
		};
		DCCBB1C51F6BAC8300D5ED23 /* athena-ios */ = {
			isa = PBXGroup;
			children = (
				DCD6B0981F81CF2E002E810C /* utils */,
				DC8DFE121F72A0D900F442DE /* controllers */,
				DC8DFE0D1F728F4000F442DE /* model */,
				DCCBB1EA1F6BAE9000D5ED23 /* API.swift */,
				DCCBB1C61F6BAC8300D5ED23 /* AppDelegate.swift */,
				DCCBB1C81F6BAC8300D5ED23 /* IndexViewController.swift */,
				DCCBB1CA1F6BAC8300D5ED23 /* ProfileViewController.swift */,
				344D45A92079AAE40069F2AD /* Media.xcassets */,
				DCCBB1CC1F6BAC8300D5ED23 /* Main.storyboard */,
				DCCBB1D11F6BAC8300D5ED23 /* LaunchScreen.storyboard */,
				DCCBB1D41F6BAC8300D5ED23 /* Info.plist */,
			);
			path = "athena-ios";
			sourceTree = "<group>";
		};
		DCCBB1DD1F6BAD8A00D5ED23 /* Frameworks */ = {
			isa = PBXGroup;
			children = (
				34C59D9320ABF4DF006FF049 /* FirebaseCore.framework */,
				34C59D9020ABF386006FF049 /* Firebase.framework */,
				349EAE7C206E53F000ACFB02 /* KeychainSwift.framework */,
				3434A9782066373F0096DF73 /* SQLite.framework */,
				3434A976206637320096DF73 /* SQLite.framework.dSYM */,
				DCDECFC11FB5429200380A86 /* Sentry.framework */,
				DCCBB1E81F6BADAC00D5ED23 /* SwiftyJSON.framework */,
				DCCBB1E61F6BADA700D5ED23 /* SKPhotoBrowser.framework */,
				DCCBB1E41F6BADA000D5ED23 /* SDWebImage.framework */,
				DCCBB1E21F6BAD9300D5ED23 /* Apollo.framework */,
				DCCBB1E01F6BAD9100D5ED23 /* AlamofireImage.framework */,
				DCCBB1DE1F6BAD8A00D5ED23 /* Alamofire.framework */,
			);
			name = Frameworks;
			sourceTree = "<group>";
		};
		DCD6B0981F81CF2E002E810C /* utils */ = {
			isa = PBXGroup;
			children = (
				DCD6B0991F81CF3B002E810C /* utils.swift */,
				3401723D20752E7E00C24029 /* SKPhotoCache.swift */,
			);
			path = utils;
			sourceTree = "<group>";
		};
/* End PBXGroup section */

/* Begin PBXNativeTarget section */
		DCCBB1C21F6BAC8300D5ED23 /* athena-ios */ = {
			isa = PBXNativeTarget;
			buildConfigurationList = DCCBB1D71F6BAC8300D5ED23 /* Build configuration list for PBXNativeTarget "athena-ios" */;
			buildPhases = (
				DCCBB1DA1F6BACD200D5ED23 /* ShellScript */,
				DCCBB1C01F6BAC8300D5ED23 /* Frameworks */,
				DCCBB1C11F6BAC8300D5ED23 /* Resources */,
				DC0C01821F8B46D600ED869A /* Embed Frameworks */,
				DCCBB1DC1F6BAD1B00D5ED23 /* Generate GraphQL API */,
				DCCBB1BF1F6BAC8300D5ED23 /* Sources */,
			);
			buildRules = (
			);
			dependencies = (
			);
			name = "athena-ios";
			productName = "athena-ios";
			productReference = DCCBB1C31F6BAC8300D5ED23 /* athena-ios.app */;
			productType = "com.apple.product-type.application";
		};
/* End PBXNativeTarget section */

/* Begin PBXProject section */
		DCCBB1BB1F6BAC8300D5ED23 /* Project object */ = {
			isa = PBXProject;
			attributes = {
				LastSwiftUpdateCheck = 0830;
				LastUpgradeCheck = 0930;
				ORGANIZATIONNAME = AnnatarHe;
				TargetAttributes = {
					DCCBB1C21F6BAC8300D5ED23 = {
						CreatedOnToolsVersion = 8.3.3;
						DevelopmentTeam = VY3AP6C55K;
						LastSwiftMigration = 1000;
						ProvisioningStyle = Automatic;
					};
				};
			};
			buildConfigurationList = DCCBB1BE1F6BAC8300D5ED23 /* Build configuration list for PBXProject "athena-ios" */;
			compatibilityVersion = "Xcode 3.2";
			developmentRegion = English;
			hasScannedForEncodings = 0;
			knownRegions = (
				en,
				Base,
			);
			mainGroup = DCCBB1BA1F6BAC8300D5ED23;
			productRefGroup = DCCBB1C41F6BAC8300D5ED23 /* Products */;
			projectDirPath = "";
			projectRoot = "";
			targets = (
				DCCBB1C21F6BAC8300D5ED23 /* athena-ios */,
			);
		};
/* End PBXProject section */

/* Begin PBXResourcesBuildPhase section */
		DCCBB1C11F6BAC8300D5ED23 /* Resources */ = {
			isa = PBXResourcesBuildPhase;
			buildActionMask = 2147483647;
			files = (
				DCCBB1D31F6BAC8300D5ED23 /* LaunchScreen.storyboard in Resources */,
				344D45AA2079AAE40069F2AD /* Media.xcassets in Resources */,
				DCCBB1CE1F6BAC8300D5ED23 /* Main.storyboard in Resources */,
			);
			runOnlyForDeploymentPostprocessing = 0;
		};
/* End PBXResourcesBuildPhase section */

/* Begin PBXShellScriptBuildPhase section */
		DCCBB1DA1F6BACD200D5ED23 /* ShellScript */ = {
			isa = PBXShellScriptBuildPhase;
			buildActionMask = 2147483647;
			files = (
			);
			inputPaths = (
				"$(SRCROOT)/Carthage/Build/iOS/Alamofire.framework",
				"$(SRCROOT)/Carthage/Build/iOS/AlamofireImage.framework",
				"$(SRCROOT)/Carthage/Build/iOS/Apollo.framework",
				"$(SRCROOT)/Carthage/Build/iOS/SDWebImage.framework",
				"$(SRCROOT)/Carthage/Build/iOS/SKPhotoBrowser.framework",
				"$(SRCROOT)/Carthage/Build/iOS/SQLite.framework",
				"$(SRCROOT)/Carthage/Build/iOS/KeychainSwift.framework",
			);
			outputPaths = (
			);
			runOnlyForDeploymentPostprocessing = 0;
			shellPath = /bin/sh;
			shellScript = "/usr/local/bin/carthage copy-frameworks\n";
		};
		DCCBB1DC1F6BAD1B00D5ED23 /* Generate GraphQL API */ = {
			isa = PBXShellScriptBuildPhase;
			buildActionMask = 2147483647;
			files = (
			);
			inputPaths = (
			);
			name = "Generate GraphQL API";
			outputPaths = (
			);
			runOnlyForDeploymentPostprocessing = 0;
			shellPath = /bin/sh;
			shellScript = "APOLLO_FRAMEWORK_PATH=\"$(eval find $FRAMEWORK_SEARCH_PATHS -name \"Apollo.framework\" -maxdepth 1)\"\n\nif [ -z \"$APOLLO_FRAMEWORK_PATH\" ]; then\necho \"error: Couldn't find Apollo.framework in FRAMEWORK_SEARCH_PATHS; make sure to add the framework to your project.\"\nexit 1\nfi\n\ncd \"${SRCROOT}/${TARGET_NAME}\"\ncd ../../schema\nmake gen\n# $APOLLO_FRAMEWORK_PATH/check-and-run-apollo-cli.sh codegen:generate --queries=\"$(find ../../schema -name '*.graphql')\" --schema=../../schema.json API.swift\n";
		};
/* End PBXShellScriptBuildPhase section */

/* Begin PBXSourcesBuildPhase section */
		DCCBB1BF1F6BAC8300D5ED23 /* Sources */ = {
			isa = PBXSourcesBuildPhase;
			buildActionMask = 2147483647;
			files = (
				DCD6B09A1F81CF3B002E810C /* utils.swift in Sources */,
				34E9DFFE2081D4CA000676FB /* PublicDataViewController.swift in Sources */,
				3401723E20752E7E00C24029 /* SKPhotoCache.swift in Sources */,
				DCCBB1CB1F6BAC8300D5ED23 /* ProfileViewController.swift in Sources */,
				DCCBB1C71F6BAC8300D5ED23 /* AppDelegate.swift in Sources */,
				DCCBB1EB1F6BAE9000D5ED23 /* API.swift in Sources */,
				DC8DFE141F72A0EE00F442DE /* AuthViewController.swift in Sources */,
				DC8DFE0F1F728F8000F442DE /* ModalApp.swift in Sources */,
				34E9DFFC20810442000676FB /* PostDetailViewController.swift in Sources */,
				349F4E6220D7B2D80045DB67 /* CollectionItemCellCollectionViewCell.swift in Sources */,
				3401724C207595F600C24029 /* SettingCell.swift in Sources */,
				34A6A9EC208A08F8005C237B /* AthenaNavigationBar.swift in Sources */,
				DCCBB1C91F6BAC8300D5ED23 /* IndexViewController.swift in Sources */,
				DC8DFE111F728FFC00F442DE /* Config.swift in Sources */,
				3401724E2075984400C24029 /* AboutViewController.swift in Sources */,
				DCD6B0931F81C6FF002E810C /* GirlCellOfTableTableViewCell.swift in Sources */,
				3434A975206621450096DF73 /* DBManager.swift in Sources */,
				3401724520753D8A00C24029 /* SettingViewController.swift in Sources */,
			);
			runOnlyForDeploymentPostprocessing = 0;
		};
/* End PBXSourcesBuildPhase section */

/* Begin PBXVariantGroup section */
		DCCBB1CC1F6BAC8300D5ED23 /* Main.storyboard */ = {
			isa = PBXVariantGroup;
			children = (
				DCCBB1CD1F6BAC8300D5ED23 /* Base */,
			);
			name = Main.storyboard;
			sourceTree = "<group>";
		};
		DCCBB1D11F6BAC8300D5ED23 /* LaunchScreen.storyboard */ = {
			isa = PBXVariantGroup;
			children = (
				DCCBB1D21F6BAC8300D5ED23 /* Base */,
			);
			name = LaunchScreen.storyboard;
			sourceTree = "<group>";
		};
/* End PBXVariantGroup section */

/* Begin XCBuildConfiguration section */
		DCCBB1D51F6BAC8300D5ED23 /* Debug */ = {
			isa = XCBuildConfiguration;
			buildSettings = {
				ALWAYS_SEARCH_USER_PATHS = NO;
				CLANG_ANALYZER_NONNULL = YES;
				CLANG_ANALYZER_NUMBER_OBJECT_CONVERSION = YES_AGGRESSIVE;
				CLANG_CXX_LANGUAGE_STANDARD = "gnu++0x";
				CLANG_CXX_LIBRARY = "libc++";
				CLANG_ENABLE_MODULES = YES;
				CLANG_ENABLE_OBJC_ARC = YES;
				CLANG_WARN_BLOCK_CAPTURE_AUTORELEASING = YES;
				CLANG_WARN_BOOL_CONVERSION = YES;
				CLANG_WARN_COMMA = YES;
				CLANG_WARN_CONSTANT_CONVERSION = YES;
				CLANG_WARN_DEPRECATED_OBJC_IMPLEMENTATIONS = YES;
				CLANG_WARN_DIRECT_OBJC_ISA_USAGE = YES_ERROR;
				CLANG_WARN_DOCUMENTATION_COMMENTS = YES;
				CLANG_WARN_EMPTY_BODY = YES;
				CLANG_WARN_ENUM_CONVERSION = YES;
				CLANG_WARN_INFINITE_RECURSION = YES;
				CLANG_WARN_INT_CONVERSION = YES;
				CLANG_WARN_NON_LITERAL_NULL_CONVERSION = YES;
				CLANG_WARN_OBJC_IMPLICIT_RETAIN_SELF = YES;
				CLANG_WARN_OBJC_LITERAL_CONVERSION = YES;
				CLANG_WARN_OBJC_ROOT_CLASS = YES_ERROR;
				CLANG_WARN_RANGE_LOOP_ANALYSIS = YES;
				CLANG_WARN_STRICT_PROTOTYPES = YES;
				CLANG_WARN_SUSPICIOUS_MOVE = YES;
				CLANG_WARN_UNREACHABLE_CODE = YES;
				CLANG_WARN__DUPLICATE_METHOD_MATCH = YES;
				"CODE_SIGN_IDENTITY[sdk=iphoneos*]" = "iPhone Developer";
				COPY_PHASE_STRIP = NO;
				DEBUG_INFORMATION_FORMAT = dwarf;
				ENABLE_STRICT_OBJC_MSGSEND = YES;
				ENABLE_TESTABILITY = YES;
				GCC_C_LANGUAGE_STANDARD = gnu99;
				GCC_DYNAMIC_NO_PIC = NO;
				GCC_NO_COMMON_BLOCKS = YES;
				GCC_OPTIMIZATION_LEVEL = 0;
				GCC_PREPROCESSOR_DEFINITIONS = (
					"DEBUG=1",
					"$(inherited)",
				);
				GCC_WARN_64_TO_32_BIT_CONVERSION = YES;
				GCC_WARN_ABOUT_RETURN_TYPE = YES_ERROR;
				GCC_WARN_UNDECLARED_SELECTOR = YES;
				GCC_WARN_UNINITIALIZED_AUTOS = YES_AGGRESSIVE;
				GCC_WARN_UNUSED_FUNCTION = YES;
				GCC_WARN_UNUSED_VARIABLE = YES;
				IPHONEOS_DEPLOYMENT_TARGET = 11.3;
				MTL_ENABLE_DEBUG_INFO = YES;
				ONLY_ACTIVE_ARCH = YES;
				OTHER_LIBTOOLFLAGS = ObjC;
				SDKROOT = iphoneos;
				SWIFT_ACTIVE_COMPILATION_CONDITIONS = DEBUG;
				SWIFT_OPTIMIZATION_LEVEL = "-Onone";
			};
			name = Debug;
		};
		DCCBB1D61F6BAC8300D5ED23 /* Release */ = {
			isa = XCBuildConfiguration;
			buildSettings = {
				ALWAYS_SEARCH_USER_PATHS = NO;
				CLANG_ANALYZER_NONNULL = YES;
				CLANG_ANALYZER_NUMBER_OBJECT_CONVERSION = YES_AGGRESSIVE;
				CLANG_CXX_LANGUAGE_STANDARD = "gnu++0x";
				CLANG_CXX_LIBRARY = "libc++";
				CLANG_ENABLE_MODULES = YES;
				CLANG_ENABLE_OBJC_ARC = YES;
				CLANG_WARN_BLOCK_CAPTURE_AUTORELEASING = YES;
				CLANG_WARN_BOOL_CONVERSION = YES;
				CLANG_WARN_COMMA = YES;
				CLANG_WARN_CONSTANT_CONVERSION = YES;
				CLANG_WARN_DEPRECATED_OBJC_IMPLEMENTATIONS = YES;
				CLANG_WARN_DIRECT_OBJC_ISA_USAGE = YES_ERROR;
				CLANG_WARN_DOCUMENTATION_COMMENTS = YES;
				CLANG_WARN_EMPTY_BODY = YES;
				CLANG_WARN_ENUM_CONVERSION = YES;
				CLANG_WARN_INFINITE_RECURSION = YES;
				CLANG_WARN_INT_CONVERSION = YES;
				CLANG_WARN_NON_LITERAL_NULL_CONVERSION = YES;
				CLANG_WARN_OBJC_IMPLICIT_RETAIN_SELF = YES;
				CLANG_WARN_OBJC_LITERAL_CONVERSION = YES;
				CLANG_WARN_OBJC_ROOT_CLASS = YES_ERROR;
				CLANG_WARN_RANGE_LOOP_ANALYSIS = YES;
				CLANG_WARN_STRICT_PROTOTYPES = YES;
				CLANG_WARN_SUSPICIOUS_MOVE = YES;
				CLANG_WARN_UNREACHABLE_CODE = YES;
				CLANG_WARN__DUPLICATE_METHOD_MATCH = YES;
				"CODE_SIGN_IDENTITY[sdk=iphoneos*]" = "iPhone Developer";
				COPY_PHASE_STRIP = NO;
				DEBUG_INFORMATION_FORMAT = "dwarf-with-dsym";
				ENABLE_NS_ASSERTIONS = NO;
				ENABLE_STRICT_OBJC_MSGSEND = YES;
				GCC_C_LANGUAGE_STANDARD = gnu99;
				GCC_NO_COMMON_BLOCKS = YES;
				GCC_WARN_64_TO_32_BIT_CONVERSION = YES;
				GCC_WARN_ABOUT_RETURN_TYPE = YES_ERROR;
				GCC_WARN_UNDECLARED_SELECTOR = YES;
				GCC_WARN_UNINITIALIZED_AUTOS = YES_AGGRESSIVE;
				GCC_WARN_UNUSED_FUNCTION = YES;
				GCC_WARN_UNUSED_VARIABLE = YES;
				IPHONEOS_DEPLOYMENT_TARGET = 11.3;
				MTL_ENABLE_DEBUG_INFO = NO;
				OTHER_LIBTOOLFLAGS = ObjC;
				SDKROOT = iphoneos;
				SWIFT_OPTIMIZATION_LEVEL = "-Owholemodule";
				VALIDATE_PRODUCT = YES;
			};
			name = Release;
		};
		DCCBB1D81F6BAC8300D5ED23 /* Debug */ = {
			isa = XCBuildConfiguration;
			buildSettings = {
				ASSETCATALOG_COMPILER_APPICON_NAME = AppIcon;
				DEVELOPMENT_TEAM = VY3AP6C55K;
				FRAMEWORK_SEARCH_PATHS = (
					"$(inherited)",
					"$(PROJECT_DIR)/Carthage/Build/iOS",
				);
				INFOPLIST_FILE = "athena-ios/Info.plist";
				IPHONEOS_DEPLOYMENT_TARGET = 11.4;
				LD_RUNPATH_SEARCH_PATHS = "$(inherited) @executable_path/Frameworks";
				PRODUCT_BUNDLE_IDENTIFIER = com.annatarhe.db;
				PRODUCT_NAME = "$(TARGET_NAME)";
				SWIFT_VERSION = 4.2;
			};
			name = Debug;
		};
		DCCBB1D91F6BAC8300D5ED23 /* Release */ = {
			isa = XCBuildConfiguration;
			buildSettings = {
				ASSETCATALOG_COMPILER_APPICON_NAME = AppIcon;
				DEVELOPMENT_TEAM = VY3AP6C55K;
				FRAMEWORK_SEARCH_PATHS = (
					"$(inherited)",
					"$(PROJECT_DIR)/Carthage/Build/iOS",
				);
				INFOPLIST_FILE = "athena-ios/Info.plist";
				IPHONEOS_DEPLOYMENT_TARGET = 11.4;
				LD_RUNPATH_SEARCH_PATHS = "$(inherited) @executable_path/Frameworks";
				PRODUCT_BUNDLE_IDENTIFIER = com.annatarhe.db;
				PRODUCT_NAME = "$(TARGET_NAME)";
				SWIFT_VERSION = 4.2;
			};
			name = Release;
		};
/* End XCBuildConfiguration section */

/* Begin XCConfigurationList section */
		DCCBB1BE1F6BAC8300D5ED23 /* Build configuration list for PBXProject "athena-ios" */ = {
			isa = XCConfigurationList;
			buildConfigurations = (
				DCCBB1D51F6BAC8300D5ED23 /* Debug */,
				DCCBB1D61F6BAC8300D5ED23 /* Release */,
			);
			defaultConfigurationIsVisible = 0;
			defaultConfigurationName = Debug;
		};
		DCCBB1D71F6BAC8300D5ED23 /* Build configuration list for PBXNativeTarget "athena-ios" */ = {
			isa = XCConfigurationList;
			buildConfigurations = (
				DCCBB1D81F6BAC8300D5ED23 /* Debug */,
				DCCBB1D91F6BAC8300D5ED23 /* Release */,
			);
			defaultConfigurationIsVisible = 0;
			defaultConfigurationName = Debug;
		};
/* End XCConfigurationList section */
	};
	rootObject = DCCBB1BB1F6BAC8300D5ED23 /* Project object */;
}
