// !$*UTF8*$!
{
	archiveVersion = 1;
	classes = {
	};
	objectVersion = 46;
	objects = {

/* Begin PBXBuildFile section */
		DC8DFE0F1F728F8000F442DE /* ModalApp.swift in Sources */ = {isa = PBXBuildFile; fileRef = DC8DFE0E1F728F8000F442DE /* ModalApp.swift */; };
		DC8DFE111F728FFC00F442DE /* Config.swift in Sources */ = {isa = PBXBuildFile; fileRef = DC8DFE101F728FFC00F442DE /* Config.swift */; };
		DCCBB1C71F6BAC8300D5ED23 /* AppDelegate.swift in Sources */ = {isa = PBXBuildFile; fileRef = DCCBB1C61F6BAC8300D5ED23 /* AppDelegate.swift */; };
		DCCBB1C91F6BAC8300D5ED23 /* IndexViewController.swift in Sources */ = {isa = PBXBuildFile; fileRef = DCCBB1C81F6BAC8300D5ED23 /* IndexViewController.swift */; };
		DCCBB1CB1F6BAC8300D5ED23 /* ProfileViewController.swift in Sources */ = {isa = PBXBuildFile; fileRef = DCCBB1CA1F6BAC8300D5ED23 /* ProfileViewController.swift */; };
		DCCBB1CE1F6BAC8300D5ED23 /* Main.storyboard in Resources */ = {isa = PBXBuildFile; fileRef = DCCBB1CC1F6BAC8300D5ED23 /* Main.storyboard */; };
		DCCBB1D01F6BAC8300D5ED23 /* Assets.xcassets in Resources */ = {isa = PBXBuildFile; fileRef = DCCBB1CF1F6BAC8300D5ED23 /* Assets.xcassets */; };
		DCCBB1D31F6BAC8300D5ED23 /* LaunchScreen.storyboard in Resources */ = {isa = PBXBuildFile; fileRef = DCCBB1D11F6BAC8300D5ED23 /* LaunchScreen.storyboard */; };
		DCCBB1DF1F6BAD8A00D5ED23 /* Alamofire.framework in Frameworks */ = {isa = PBXBuildFile; fileRef = DCCBB1DE1F6BAD8A00D5ED23 /* Alamofire.framework */; };
		DCCBB1E11F6BAD9100D5ED23 /* AlamofireImage.framework in Frameworks */ = {isa = PBXBuildFile; fileRef = DCCBB1E01F6BAD9100D5ED23 /* AlamofireImage.framework */; };
		DCCBB1E31F6BAD9300D5ED23 /* Apollo.framework in Frameworks */ = {isa = PBXBuildFile; fileRef = DCCBB1E21F6BAD9300D5ED23 /* Apollo.framework */; };
		DCCBB1E51F6BADA000D5ED23 /* SDWebImage.framework in Frameworks */ = {isa = PBXBuildFile; fileRef = DCCBB1E41F6BADA000D5ED23 /* SDWebImage.framework */; };
		DCCBB1E71F6BADA700D5ED23 /* SKPhotoBrowser.framework in Frameworks */ = {isa = PBXBuildFile; fileRef = DCCBB1E61F6BADA700D5ED23 /* SKPhotoBrowser.framework */; settings = {ATTRIBUTES = (Weak, ); }; };
		DCCBB1E91F6BADAC00D5ED23 /* SwiftyJSON.framework in Frameworks */ = {isa = PBXBuildFile; fileRef = DCCBB1E81F6BADAC00D5ED23 /* SwiftyJSON.framework */; settings = {ATTRIBUTES = (Weak, ); }; };
		DCCBB1EB1F6BAE9000D5ED23 /* API.swift in Sources */ = {isa = PBXBuildFile; fileRef = DCCBB1EA1F6BAE9000D5ED23 /* API.swift */; };
/* End PBXBuildFile section */

/* Begin PBXFileReference section */
		DC8DFE0E1F728F8000F442DE /* ModalApp.swift */ = {isa = PBXFileReference; lastKnownFileType = sourcecode.swift; path = ModalApp.swift; sourceTree = "<group>"; };
		DC8DFE101F728FFC00F442DE /* Config.swift */ = {isa = PBXFileReference; lastKnownFileType = sourcecode.swift; path = Config.swift; sourceTree = "<group>"; };
		DCCBB1C31F6BAC8300D5ED23 /* athena-ios.app */ = {isa = PBXFileReference; explicitFileType = wrapper.application; includeInIndex = 0; path = "athena-ios.app"; sourceTree = BUILT_PRODUCTS_DIR; };
		DCCBB1C61F6BAC8300D5ED23 /* AppDelegate.swift */ = {isa = PBXFileReference; lastKnownFileType = sourcecode.swift; path = AppDelegate.swift; sourceTree = "<group>"; };
		DCCBB1C81F6BAC8300D5ED23 /* IndexViewController.swift */ = {isa = PBXFileReference; lastKnownFileType = sourcecode.swift; path = IndexViewController.swift; sourceTree = "<group>"; };
		DCCBB1CA1F6BAC8300D5ED23 /* ProfileViewController.swift */ = {isa = PBXFileReference; lastKnownFileType = sourcecode.swift; path = ProfileViewController.swift; sourceTree = "<group>"; };
		DCCBB1CD1F6BAC8300D5ED23 /* Base */ = {isa = PBXFileReference; lastKnownFileType = file.storyboard; name = Base; path = Base.lproj/Main.storyboard; sourceTree = "<group>"; };
		DCCBB1CF1F6BAC8300D5ED23 /* Assets.xcassets */ = {isa = PBXFileReference; lastKnownFileType = folder.assetcatalog; path = Assets.xcassets; sourceTree = "<group>"; };
		DCCBB1D21F6BAC8300D5ED23 /* Base */ = {isa = PBXFileReference; lastKnownFileType = file.storyboard; name = Base; path = Base.lproj/LaunchScreen.storyboard; sourceTree = "<group>"; };
		DCCBB1D41F6BAC8300D5ED23 /* Info.plist */ = {isa = PBXFileReference; lastKnownFileType = text.plist.xml; path = Info.plist; sourceTree = "<group>"; };
		DCCBB1DE1F6BAD8A00D5ED23 /* Alamofire.framework */ = {isa = PBXFileReference; lastKnownFileType = wrapper.framework; name = Alamofire.framework; path = Carthage/Build/iOS/Alamofire.framework; sourceTree = "<group>"; };
		DCCBB1E01F6BAD9100D5ED23 /* AlamofireImage.framework */ = {isa = PBXFileReference; lastKnownFileType = wrapper.framework; name = AlamofireImage.framework; path = Carthage/Build/iOS/AlamofireImage.framework; sourceTree = "<group>"; };
		DCCBB1E21F6BAD9300D5ED23 /* Apollo.framework */ = {isa = PBXFileReference; lastKnownFileType = wrapper.framework; name = Apollo.framework; path = Carthage/Build/iOS/Apollo.framework; sourceTree = "<group>"; };
		DCCBB1E41F6BADA000D5ED23 /* SDWebImage.framework */ = {isa = PBXFileReference; lastKnownFileType = wrapper.framework; name = SDWebImage.framework; path = Carthage/Build/iOS/SDWebImage.framework; sourceTree = "<group>"; };
		DCCBB1E61F6BADA700D5ED23 /* SKPhotoBrowser.framework */ = {isa = PBXFileReference; lastKnownFileType = wrapper.framework; name = SKPhotoBrowser.framework; path = Carthage/Build/iOS/SKPhotoBrowser.framework; sourceTree = "<group>"; };
		DCCBB1E81F6BADAC00D5ED23 /* SwiftyJSON.framework */ = {isa = PBXFileReference; lastKnownFileType = wrapper.framework; name = SwiftyJSON.framework; path = Carthage/Build/iOS/SwiftyJSON.framework; sourceTree = "<group>"; };
		DCCBB1EA1F6BAE9000D5ED23 /* API.swift */ = {isa = PBXFileReference; fileEncoding = 4; lastKnownFileType = sourcecode.swift; path = API.swift; sourceTree = "<group>"; };
/* End PBXFileReference section */

/* Begin PBXFrameworksBuildPhase section */
		DCCBB1C01F6BAC8300D5ED23 /* Frameworks */ = {
			isa = PBXFrameworksBuildPhase;
			buildActionMask = 2147483647;
			files = (
				DCCBB1DF1F6BAD8A00D5ED23 /* Alamofire.framework in Frameworks */,
				DCCBB1E11F6BAD9100D5ED23 /* AlamofireImage.framework in Frameworks */,
				DCCBB1E31F6BAD9300D5ED23 /* Apollo.framework in Frameworks */,
				DCCBB1E51F6BADA000D5ED23 /* SDWebImage.framework in Frameworks */,
				DCCBB1E71F6BADA700D5ED23 /* SKPhotoBrowser.framework in Frameworks */,
				DCCBB1E91F6BADAC00D5ED23 /* SwiftyJSON.framework in Frameworks */,
			);
			runOnlyForDeploymentPostprocessing = 0;
		};
/* End PBXFrameworksBuildPhase section */

/* Begin PBXGroup section */
		DC8DFE0D1F728F4000F442DE /* model */ = {
			isa = PBXGroup;
			children = (
				DC8DFE0E1F728F8000F442DE /* ModalApp.swift */,
				DC8DFE101F728FFC00F442DE /* Config.swift */,
			);
			path = model;
			sourceTree = "<group>";
		};
		DCCBB1BA1F6BAC8300D5ED23 = {
			isa = PBXGroup;
			children = (
				DCCBB1C51F6BAC8300D5ED23 /* athena-ios */,
				DCCBB1C41F6BAC8300D5ED23 /* Products */,
				DCCBB1DD1F6BAD8A00D5ED23 /* Frameworks */,
			);
			sourceTree = "<group>";
		};
		DCCBB1C41F6BAC8300D5ED23 /* Products */ = {
			isa = PBXGroup;
			children = (
				DCCBB1C31F6BAC8300D5ED23 /* athena-ios.app */,
			);
			name = Products;
			sourceTree = "<group>";
		};
		DCCBB1C51F6BAC8300D5ED23 /* athena-ios */ = {
			isa = PBXGroup;
			children = (
				DC8DFE0D1F728F4000F442DE /* model */,
				DCCBB1EA1F6BAE9000D5ED23 /* API.swift */,
				DCCBB1C61F6BAC8300D5ED23 /* AppDelegate.swift */,
				DCCBB1C81F6BAC8300D5ED23 /* IndexViewController.swift */,
				DCCBB1CA1F6BAC8300D5ED23 /* ProfileViewController.swift */,
				DCCBB1CC1F6BAC8300D5ED23 /* Main.storyboard */,
				DCCBB1CF1F6BAC8300D5ED23 /* Assets.xcassets */,
				DCCBB1D11F6BAC8300D5ED23 /* LaunchScreen.storyboard */,
				DCCBB1D41F6BAC8300D5ED23 /* Info.plist */,
			);
			path = "athena-ios";
			sourceTree = "<group>";
		};
		DCCBB1DD1F6BAD8A00D5ED23 /* Frameworks */ = {
			isa = PBXGroup;
			children = (
				DCCBB1E81F6BADAC00D5ED23 /* SwiftyJSON.framework */,
				DCCBB1E61F6BADA700D5ED23 /* SKPhotoBrowser.framework */,
				DCCBB1E41F6BADA000D5ED23 /* SDWebImage.framework */,
				DCCBB1E21F6BAD9300D5ED23 /* Apollo.framework */,
				DCCBB1E01F6BAD9100D5ED23 /* AlamofireImage.framework */,
				DCCBB1DE1F6BAD8A00D5ED23 /* Alamofire.framework */,
			);
			name = Frameworks;
			sourceTree = "<group>";
		};
/* End PBXGroup section */

/* Begin PBXNativeTarget section */
		DCCBB1C21F6BAC8300D5ED23 /* athena-ios */ = {
			isa = PBXNativeTarget;
			buildConfigurationList = DCCBB1D71F6BAC8300D5ED23 /* Build configuration list for PBXNativeTarget "athena-ios" */;
			buildPhases = (
				DCCBB1BF1F6BAC8300D5ED23 /* Sources */,
				DCCBB1C01F6BAC8300D5ED23 /* Frameworks */,
				DCCBB1C11F6BAC8300D5ED23 /* Resources */,
				DCCBB1DA1F6BACD200D5ED23 /* ShellScript */,
				DCCBB1DC1F6BAD1B00D5ED23 /* ShellScript */,
			);
			buildRules = (
			);
			dependencies = (
			);
			name = "athena-ios";
			productName = "athena-ios";
			productReference = DCCBB1C31F6BAC8300D5ED23 /* athena-ios.app */;
			productType = "com.apple.product-type.application";
		};
/* End PBXNativeTarget section */

/* Begin PBXProject section */
		DCCBB1BB1F6BAC8300D5ED23 /* Project object */ = {
			isa = PBXProject;
			attributes = {
				LastSwiftUpdateCheck = 0830;
				LastUpgradeCheck = 0900;
				ORGANIZATIONNAME = AnnatarHe;
				TargetAttributes = {
					DCCBB1C21F6BAC8300D5ED23 = {
						CreatedOnToolsVersion = 8.3.3;
						ProvisioningStyle = Automatic;
					};
				};
			};
			buildConfigurationList = DCCBB1BE1F6BAC8300D5ED23 /* Build configuration list for PBXProject "athena-ios" */;
			compatibilityVersion = "Xcode 3.2";
			developmentRegion = English;
			hasScannedForEncodings = 0;
			knownRegions = (
				en,
				Base,
			);
			mainGroup = DCCBB1BA1F6BAC8300D5ED23;
			productRefGroup = DCCBB1C41F6BAC8300D5ED23 /* Products */;
			projectDirPath = "";
			projectRoot = "";
			targets = (
				DCCBB1C21F6BAC8300D5ED23 /* athena-ios */,
			);
		};
/* End PBXProject section */

/* Begin PBXResourcesBuildPhase section */
		DCCBB1C11F6BAC8300D5ED23 /* Resources */ = {
			isa = PBXResourcesBuildPhase;
			buildActionMask = 2147483647;
			files = (
				DCCBB1D31F6BAC8300D5ED23 /* LaunchScreen.storyboard in Resources */,
				DCCBB1D01F6BAC8300D5ED23 /* Assets.xcassets in Resources */,
				DCCBB1CE1F6BAC8300D5ED23 /* Main.storyboard in Resources */,
			);
			runOnlyForDeploymentPostprocessing = 0;
		};
/* End PBXResourcesBuildPhase section */

/* Begin PBXShellScriptBuildPhase section */
		DCCBB1DA1F6BACD200D5ED23 /* ShellScript */ = {
			isa = PBXShellScriptBuildPhase;
			buildActionMask = 2147483647;
			files = (
			);
			inputPaths = (
				"$(SRCROOT)/Carthage/Build/iOS/Alamofire.framework",
				"$(SRCROOT)/Carthage/Build/iOS/AlamofireImage.framework",
				"$(SRCROOT)/Carthage/Build/iOS/Apollo.framework",
				"$(SRCROOT)/Carthage/Build/iOS/SDWebImage.framework",
			);
			outputPaths = (
			);
			runOnlyForDeploymentPostprocessing = 0;
			shellPath = /bin/sh;
			shellScript = "/usr/local/bin/carthage copy-frameworks";
		};
		DCCBB1DC1F6BAD1B00D5ED23 /* ShellScript */ = {
			isa = PBXShellScriptBuildPhase;
			buildActionMask = 2147483647;
			files = (
			);
			inputPaths = (
			);
			outputPaths = (
			);
			runOnlyForDeploymentPostprocessing = 0;
			shellPath = /bin/sh;
			shellScript = "APOLLO_FRAMEWORK_PATH=\"$(eval find $FRAMEWORK_SEARCH_PATHS -name \"Apollo.framework\" -maxdepth 1)\"\n\nif [ -z \"$APOLLO_FRAMEWORK_PATH\" ]; then\necho \"error: Couldn't find Apollo.framework in FRAMEWORK_SEARCH_PATHS; make sure to add the framework to your project.\"\nexit 1\nfi\n\ncd \"${SRCROOT}/${TARGET_NAME}\"\n$APOLLO_FRAMEWORK_PATH/check-and-run-apollo-codegen.sh generate $(find ../../schema -name '*.graphql') --schema ../../schema/schema.json --output API.swift";
		};
/* End PBXShellScriptBuildPhase section */

/* Begin PBXSourcesBuildPhase section */
		DCCBB1BF1F6BAC8300D5ED23 /* Sources */ = {
			isa = PBXSourcesBuildPhase;
			buildActionMask = 2147483647;
			files = (
				DCCBB1CB1F6BAC8300D5ED23 /* ProfileViewController.swift in Sources */,
				DCCBB1C71F6BAC8300D5ED23 /* AppDelegate.swift in Sources */,
				DCCBB1EB1F6BAE9000D5ED23 /* API.swift in Sources */,
				DC8DFE0F1F728F8000F442DE /* ModalApp.swift in Sources */,
				DCCBB1C91F6BAC8300D5ED23 /* IndexViewController.swift in Sources */,
				DC8DFE111F728FFC00F442DE /* Config.swift in Sources */,
			);
			runOnlyForDeploymentPostprocessing = 0;
		};
/* End PBXSourcesBuildPhase section */

/* Begin PBXVariantGroup section */
		DCCBB1CC1F6BAC8300D5ED23 /* Main.storyboard */ = {
			isa = PBXVariantGroup;
			children = (
				DCCBB1CD1F6BAC8300D5ED23 /* Base */,
			);
			name = Main.storyboard;
			sourceTree = "<group>";
		};
		DCCBB1D11F6BAC8300D5ED23 /* LaunchScreen.storyboard */ = {
			isa = PBXVariantGroup;
			children = (
				DCCBB1D21F6BAC8300D5ED23 /* Base */,
			);
			name = LaunchScreen.storyboard;
			sourceTree = "<group>";
		};
/* End PBXVariantGroup section */

/* Begin XCBuildConfiguration section */
		DCCBB1D51F6BAC8300D5ED23 /* Debug */ = {
			isa = XCBuildConfiguration;
			buildSettings = {
				ALWAYS_SEARCH_USER_PATHS = NO;
				CLANG_ANALYZER_NONNULL = YES;
				CLANG_ANALYZER_NUMBER_OBJECT_CONVERSION = YES_AGGRESSIVE;
				CLANG_CXX_LANGUAGE_STANDARD = "gnu++0x";
				CLANG_CXX_LIBRARY = "libc++";
				CLANG_ENABLE_MODULES = YES;
				CLANG_ENABLE_OBJC_ARC = YES;
				CLANG_WARN_BLOCK_CAPTURE_AUTORELEASING = YES;
				CLANG_WARN_BOOL_CONVERSION = YES;
				CLANG_WARN_COMMA = YES;
				CLANG_WARN_CONSTANT_CONVERSION = YES;
				CLANG_WARN_DIRECT_OBJC_ISA_USAGE = YES_ERROR;
				CLANG_WARN_DOCUMENTATION_COMMENTS = YES;
				CLANG_WARN_EMPTY_BODY = YES;
				CLANG_WARN_ENUM_CONVERSION = YES;
				CLANG_WARN_INFINITE_RECURSION = YES;
				CLANG_WARN_INT_CONVERSION = YES;
				CLANG_WARN_NON_LITERAL_NULL_CONVERSION = YES;
				CLANG_WARN_OBJC_LITERAL_CONVERSION = YES;
				CLANG_WARN_OBJC_ROOT_CLASS = YES_ERROR;
				CLANG_WARN_RANGE_LOOP_ANALYSIS = YES;
				CLANG_WARN_STRICT_PROTOTYPES = YES;
				CLANG_WARN_SUSPICIOUS_MOVE = YES;
				CLANG_WARN_UNREACHABLE_CODE = YES;
				CLANG_WARN__DUPLICATE_METHOD_MATCH = YES;
				"CODE_SIGN_IDENTITY[sdk=iphoneos*]" = "iPhone Developer";
				COPY_PHASE_STRIP = NO;
				DEBUG_INFORMATION_FORMAT = dwarf;
				ENABLE_STRICT_OBJC_MSGSEND = YES;
				ENABLE_TESTABILITY = YES;
				GCC_C_LANGUAGE_STANDARD = gnu99;
				GCC_DYNAMIC_NO_PIC = NO;
				GCC_NO_COMMON_BLOCKS = YES;
				GCC_OPTIMIZATION_LEVEL = 0;
				GCC_PREPROCESSOR_DEFINITIONS = (
					"DEBUG=1",
					"$(inherited)",
				);
				GCC_WARN_64_TO_32_BIT_CONVERSION = YES;
				GCC_WARN_ABOUT_RETURN_TYPE = YES_ERROR;
				GCC_WARN_UNDECLARED_SELECTOR = YES;
				GCC_WARN_UNINITIALIZED_AUTOS = YES_AGGRESSIVE;
				GCC_WARN_UNUSED_FUNCTION = YES;
				GCC_WARN_UNUSED_VARIABLE = YES;
				IPHONEOS_DEPLOYMENT_TARGET = 11.0;
				MTL_ENABLE_DEBUG_INFO = YES;
				ONLY_ACTIVE_ARCH = YES;
				SDKROOT = iphoneos;
				SWIFT_ACTIVE_COMPILATION_CONDITIONS = DEBUG;
				SWIFT_OPTIMIZATION_LEVEL = "-Onone";
			};
			name = Debug;
		};
		DCCBB1D61F6BAC8300D5ED23 /* Release */ = {
			isa = XCBuildConfiguration;
			buildSettings = {
				ALWAYS_SEARCH_USER_PATHS = NO;
				CLANG_ANALYZER_NONNULL = YES;
				CLANG_ANALYZER_NUMBER_OBJECT_CONVERSION = YES_AGGRESSIVE;
				CLANG_CXX_LANGUAGE_STANDARD = "gnu++0x";
				CLANG_CXX_LIBRARY = "libc++";
				CLANG_ENABLE_MODULES = YES;
				CLANG_ENABLE_OBJC_ARC = YES;
				CLANG_WARN_BLOCK_CAPTURE_AUTORELEASING = YES;
				CLANG_WARN_BOOL_CONVERSION = YES;
				CLANG_WARN_COMMA = YES;
				CLANG_WARN_CONSTANT_CONVERSION = YES;
				CLANG_WARN_DIRECT_OBJC_ISA_USAGE = YES_ERROR;
				CLANG_WARN_DOCUMENTATION_COMMENTS = YES;
				CLANG_WARN_EMPTY_BODY = YES;
				CLANG_WARN_ENUM_CONVERSION = YES;
				CLANG_WARN_INFINITE_RECURSION = YES;
				CLANG_WARN_INT_CONVERSION = YES;
				CLANG_WARN_NON_LITERAL_NULL_CONVERSION = YES;
				CLANG_WARN_OBJC_LITERAL_CONVERSION = YES;
				CLANG_WARN_OBJC_ROOT_CLASS = YES_ERROR;
				CLANG_WARN_RANGE_LOOP_ANALYSIS = YES;
				CLANG_WARN_STRICT_PROTOTYPES = YES;
				CLANG_WARN_SUSPICIOUS_MOVE = YES;
				CLANG_WARN_UNREACHABLE_CODE = YES;
				CLANG_WARN__DUPLICATE_METHOD_MATCH = YES;
				"CODE_SIGN_IDENTITY[sdk=iphoneos*]" = "iPhone Developer";
				COPY_PHASE_STRIP = NO;
				DEBUG_INFORMATION_FORMAT = "dwarf-with-dsym";
				ENABLE_NS_ASSERTIONS = NO;
				ENABLE_STRICT_OBJC_MSGSEND = YES;
				GCC_C_LANGUAGE_STANDARD = gnu99;
				GCC_NO_COMMON_BLOCKS = YES;
				GCC_WARN_64_TO_32_BIT_CONVERSION = YES;
				GCC_WARN_ABOUT_RETURN_TYPE = YES_ERROR;
				GCC_WARN_UNDECLARED_SELECTOR = YES;
				GCC_WARN_UNINITIALIZED_AUTOS = YES_AGGRESSIVE;
				GCC_WARN_UNUSED_FUNCTION = YES;
				GCC_WARN_UNUSED_VARIABLE = YES;
				IPHONEOS_DEPLOYMENT_TARGET = 11.0;
				MTL_ENABLE_DEBUG_INFO = NO;
				SDKROOT = iphoneos;
				SWIFT_OPTIMIZATION_LEVEL = "-Owholemodule";
				VALIDATE_PRODUCT = YES;
			};
			name = Release;
		};
		DCCBB1D81F6BAC8300D5ED23 /* Debug */ = {
			isa = XCBuildConfiguration;
			buildSettings = {
				ASSETCATALOG_COMPILER_APPICON_NAME = AppIcon;
				FRAMEWORK_SEARCH_PATHS = (
					"$(inherited)",
					"$(PROJECT_DIR)/Carthage/Build/iOS",
				);
				INFOPLIST_FILE = "athena-ios/Info.plist";
				LD_RUNPATH_SEARCH_PATHS = "$(inherited) @executable_path/Frameworks";
				PRODUCT_BUNDLE_IDENTIFIER = "com.annatarhe.athena-ios";
				PRODUCT_NAME = "$(TARGET_NAME)";
				SWIFT_VERSION = 4.0;
			};
			name = Debug;
		};
		DCCBB1D91F6BAC8300D5ED23 /* Release */ = {
			isa = XCBuildConfiguration;
			buildSettings = {
				ASSETCATALOG_COMPILER_APPICON_NAME = AppIcon;
				FRAMEWORK_SEARCH_PATHS = (
					"$(inherited)",
					"$(PROJECT_DIR)/Carthage/Build/iOS",
				);
				INFOPLIST_FILE = "athena-ios/Info.plist";
				LD_RUNPATH_SEARCH_PATHS = "$(inherited) @executable_path/Frameworks";
				PRODUCT_BUNDLE_IDENTIFIER = "com.annatarhe.athena-ios";
				PRODUCT_NAME = "$(TARGET_NAME)";
				SWIFT_VERSION = 4.0;
			};
			name = Release;
		};
/* End XCBuildConfiguration section */

/* Begin XCConfigurationList section */
		DCCBB1BE1F6BAC8300D5ED23 /* Build configuration list for PBXProject "athena-ios" */ = {
			isa = XCConfigurationList;
			buildConfigurations = (
				DCCBB1D51F6BAC8300D5ED23 /* Debug */,
				DCCBB1D61F6BAC8300D5ED23 /* Release */,
			);
			defaultConfigurationIsVisible = 0;
			defaultConfigurationName = Release;
		};
		DCCBB1D71F6BAC8300D5ED23 /* Build configuration list for PBXNativeTarget "athena-ios" */ = {
			isa = XCConfigurationList;
			buildConfigurations = (
				DCCBB1D81F6BAC8300D5ED23 /* Debug */,
				DCCBB1D91F6BAC8300D5ED23 /* Release */,
			);
			defaultConfigurationIsVisible = 0;
			defaultConfigurationName = Release;
		};
/* End XCConfigurationList section */
	};
	rootObject = DCCBB1BB1F6BAC8300D5ED23 /* Project object */;
}
